// !$*UTF8*$!
{
	archiveVersion = 1;
	classes = {
	};
	objectVersion = 46;
	objects = {

/* Begin PBXBuildFile section */
		209DE3D2168AD46000AD97ED /* DetailedViewController.m in Sources */ = {isa = PBXBuildFile; fileRef = 209DE3D1168AD46000AD97ED /* DetailedViewController.m */; };
		209DE3DA168AF24400AD97ED /* tick-cross.png in Resources */ = {isa = PBXBuildFile; fileRef = 209DE3D9168AF24400AD97ED /* tick-cross.png */; };
		209DE3DC168AF5B500AD97ED /* images.jpg in Resources */ = {isa = PBXBuildFile; fileRef = 209DE3DB168AF5B500AD97ED /* images.jpg */; };
		209DE3DE168AF76A00AD97ED /* index.jpg in Resources */ = {isa = PBXBuildFile; fileRef = 209DE3DD168AF76A00AD97ED /* index.jpg */; };
		371A311C16C38B78001BFCF2 /* CalendarEvent.m in Sources */ = {isa = PBXBuildFile; fileRef = 371A311B16C38B78001BFCF2 /* CalendarEvent.m */; };
		830B4C9E1681C433001C743E /* SignInViewController.m in Sources */ = {isa = PBXBuildFile; fileRef = 830B4C9D1681C433001C743E /* SignInViewController.m */; };
		8318BDE2163715C6003E2B01 /* Security.framework in Frameworks */ = {isa = PBXBuildFile; fileRef = 8318BDE1163715C6003E2B01 /* Security.framework */; };
		8318BDE416371610003E2B01 /* SystemConfiguration.framework in Frameworks */ = {isa = PBXBuildFile; fileRef = 8318BDE316371610003E2B01 /* SystemConfiguration.framework */; };
		8318BE4116371CD2003E2B01 /* GTLCalendarAcl.m in Sources */ = {isa = PBXBuildFile; fileRef = 8318BD7F16370F4C003E2B01 /* GTLCalendarAcl.m */; };
		8318BE4216371CD2003E2B01 /* GTLCalendarAclRule.m in Sources */ = {isa = PBXBuildFile; fileRef = 8318BD8116370F4C003E2B01 /* GTLCalendarAclRule.m */; };
		8318BE4316371CD2003E2B01 /* GTLCalendarCalendar.m in Sources */ = {isa = PBXBuildFile; fileRef = 8318BD8316370F4C003E2B01 /* GTLCalendarCalendar.m */; };
		8318BE4416371CD2003E2B01 /* GTLCalendarCalendarList.m in Sources */ = {isa = PBXBuildFile; fileRef = 8318BD8516370F4C003E2B01 /* GTLCalendarCalendarList.m */; };
		8318BE4516371CD2003E2B01 /* GTLCalendarCalendarListEntry.m in Sources */ = {isa = PBXBuildFile; fileRef = 8318BD8716370F4C003E2B01 /* GTLCalendarCalendarListEntry.m */; };
		8318BE4616371CD2003E2B01 /* GTLCalendarColorDefinition.m in Sources */ = {isa = PBXBuildFile; fileRef = 8318BD8916370F4C003E2B01 /* GTLCalendarColorDefinition.m */; };
		8318BE4716371CD2003E2B01 /* GTLCalendarColors.m in Sources */ = {isa = PBXBuildFile; fileRef = 8318BD8B16370F4C003E2B01 /* GTLCalendarColors.m */; };
		8318BE4816371CD2003E2B01 /* GTLCalendarConstants.m in Sources */ = {isa = PBXBuildFile; fileRef = 8318BD8D16370F4C003E2B01 /* GTLCalendarConstants.m */; };
		8318BE4916371CD2003E2B01 /* GTLCalendarError.m in Sources */ = {isa = PBXBuildFile; fileRef = 8318BD8F16370F4C003E2B01 /* GTLCalendarError.m */; };
		8318BE4A16371CD2003E2B01 /* GTLCalendarEvent.m in Sources */ = {isa = PBXBuildFile; fileRef = 8318BD9116370F4C003E2B01 /* GTLCalendarEvent.m */; };
		8318BE4B16371CD2003E2B01 /* GTLCalendarEventAttendee.m in Sources */ = {isa = PBXBuildFile; fileRef = 8318BD9316370F4C003E2B01 /* GTLCalendarEventAttendee.m */; };
		8318BE4C16371CD2003E2B01 /* GTLCalendarEventDateTime.m in Sources */ = {isa = PBXBuildFile; fileRef = 8318BD9516370F4C003E2B01 /* GTLCalendarEventDateTime.m */; };
		8318BE4D16371CD2003E2B01 /* GTLCalendarEventReminder.m in Sources */ = {isa = PBXBuildFile; fileRef = 8318BD9716370F4C003E2B01 /* GTLCalendarEventReminder.m */; };
		8318BE4E16371CD2003E2B01 /* GTLCalendarEvents.m in Sources */ = {isa = PBXBuildFile; fileRef = 8318BD9916370F4C003E2B01 /* GTLCalendarEvents.m */; };
		8318BE4F16371CD2003E2B01 /* GTLCalendarFreeBusyCalendar.m in Sources */ = {isa = PBXBuildFile; fileRef = 8318BD9B16370F4C003E2B01 /* GTLCalendarFreeBusyCalendar.m */; };
		8318BE5016371CD2003E2B01 /* GTLCalendarFreeBusyGroup.m in Sources */ = {isa = PBXBuildFile; fileRef = 8318BD9D16370F4C003E2B01 /* GTLCalendarFreeBusyGroup.m */; };
		8318BE5116371CD2003E2B01 /* GTLCalendarFreeBusyRequestItem.m in Sources */ = {isa = PBXBuildFile; fileRef = 8318BD9F16370F4C003E2B01 /* GTLCalendarFreeBusyRequestItem.m */; };
		8318BE5216371CD2003E2B01 /* GTLCalendarFreeBusyResponse.m in Sources */ = {isa = PBXBuildFile; fileRef = 8318BDA116370F4C003E2B01 /* GTLCalendarFreeBusyResponse.m */; };
		8318BE5316371CD2003E2B01 /* GTLCalendarSetting.m in Sources */ = {isa = PBXBuildFile; fileRef = 8318BDA316370F4C003E2B01 /* GTLCalendarSetting.m */; };
		8318BE5416371CD2003E2B01 /* GTLCalendarSettings.m in Sources */ = {isa = PBXBuildFile; fileRef = 8318BDA516370F4C003E2B01 /* GTLCalendarSettings.m */; };
		8318BE5516371CD2003E2B01 /* GTLCalendarTimePeriod.m in Sources */ = {isa = PBXBuildFile; fileRef = 8318BDA716370F4C003E2B01 /* GTLCalendarTimePeriod.m */; };
		8318BE5616371CD2003E2B01 /* GTLQueryCalendar.m in Sources */ = {isa = PBXBuildFile; fileRef = 8318BDA916370F4C003E2B01 /* GTLQueryCalendar.m */; };
		8318BE5716371CD2003E2B01 /* GTLServiceCalendar.m in Sources */ = {isa = PBXBuildFile; fileRef = 8318BDAB16370F4C003E2B01 /* GTLServiceCalendar.m */; };
		8318BE6716379E00003E2B01 /* GTMOAuth2ViewTouch.xib in Resources */ = {isa = PBXBuildFile; fileRef = 8318BE6616379E00003E2B01 /* GTMOAuth2ViewTouch.xib */; };
		8318BE6A1637AAA4003E2B01 /* DateTimeUtility.m in Sources */ = {isa = PBXBuildFile; fileRef = 8318BE691637AAA4003E2B01 /* DateTimeUtility.m */; };
		8318BE6D1637C979003E2B01 /* CalendarViewController.m in Sources */ = {isa = PBXBuildFile; fileRef = 8318BE6C1637C979003E2B01 /* CalendarViewController.m */; };
		833FCAC6167E1AE5009CC996 /* zbar-back.png in Resources */ = {isa = PBXBuildFile; fileRef = 833FCAC1167E1AE5009CC996 /* zbar-back.png */; };
		833FCAC7167E1AE5009CC996 /* zbar-help.html in Resources */ = {isa = PBXBuildFile; fileRef = 833FCAC2167E1AE5009CC996 /* zbar-help.html */; };
		833FCAC8167E1AE5009CC996 /* zbar-helpicons.png in Resources */ = {isa = PBXBuildFile; fileRef = 833FCAC3167E1AE5009CC996 /* zbar-helpicons.png */; };
		833FCAC9167E1AE5009CC996 /* zbar-samples.png in Resources */ = {isa = PBXBuildFile; fileRef = 833FCAC4167E1AE5009CC996 /* zbar-samples.png */; };
		8361797216BA6F1800DEB869 /* GTLCalendarManager.m in Sources */ = {isa = PBXBuildFile; fileRef = 8361797116BA6F1800DEB869 /* GTLCalendarManager.m */; };
		836F9FC516493486009E61AD /* QRCodeManager.m in Sources */ = {isa = PBXBuildFile; fileRef = 83A9949B164419F9009CD997 /* QRCodeManager.m */; };
		839FE19C169DE24100DA8146 /* libzbar.a in Frameworks */ = {isa = PBXBuildFile; fileRef = 839FE19B169DE24100DA8146 /* libzbar.a */; };
		839FE19E169DE5F100DA8146 /* libGTLTouchStaticLib.a in Frameworks */ = {isa = PBXBuildFile; fileRef = 839FE19D169DE5F100DA8146 /* libGTLTouchStaticLib.a */; };
		83A7365A166A6DAB00DC5D61 /* SignInHandler.m in Sources */ = {isa = PBXBuildFile; fileRef = 83A73659166A6DAB00DC5D61 /* SignInHandler.m */; };
		83A9949C164419F9009CD997 /* QRCodeManager.m in Sources */ = {isa = PBXBuildFile; fileRef = 83A9949B164419F9009CD997 /* QRCodeManager.m */; };
		83A994A616441AE2009CD997 /* profile selected.png in Resources */ = {isa = PBXBuildFile; fileRef = 83A9949E16441AE2009CD997 /* profile selected.png */; };
		83A994A716441AE2009CD997 /* profile.png in Resources */ = {isa = PBXBuildFile; fileRef = 83A9949F16441AE2009CD997 /* profile.png */; };
		83A994A816441AE2009CD997 /* rooms unselected.png in Resources */ = {isa = PBXBuildFile; fileRef = 83A994A016441AE2009CD997 /* rooms unselected.png */; };
		83A994A916441AE2009CD997 /* rooms.png in Resources */ = {isa = PBXBuildFile; fileRef = 83A994A116441AE2009CD997 /* rooms.png */; };
		83A994AC16441AE2009CD997 /* settings selected.png in Resources */ = {isa = PBXBuildFile; fileRef = 83A994A416441AE2009CD997 /* settings selected.png */; };
		83A994AD16441AE2009CD997 /* settings.png in Resources */ = {isa = PBXBuildFile; fileRef = 83A994A516441AE2009CD997 /* settings.png */; };
		83AC4DAB16281DE5000C60C9 /* UIKit.framework in Frameworks */ = {isa = PBXBuildFile; fileRef = 83AC4DAA16281DE5000C60C9 /* UIKit.framework */; };
		83AC4DAD16281DE5000C60C9 /* Foundation.framework in Frameworks */ = {isa = PBXBuildFile; fileRef = 83AC4DAC16281DE5000C60C9 /* Foundation.framework */; };
		83AC4DAF16281DE5000C60C9 /* CoreGraphics.framework in Frameworks */ = {isa = PBXBuildFile; fileRef = 83AC4DAE16281DE5000C60C9 /* CoreGraphics.framework */; };
		83AC4DB516281DE5000C60C9 /* InfoPlist.strings in Resources */ = {isa = PBXBuildFile; fileRef = 83AC4DB316281DE5000C60C9 /* InfoPlist.strings */; };
		83AC4DB716281DE5000C60C9 /* main.m in Sources */ = {isa = PBXBuildFile; fileRef = 83AC4DB616281DE5000C60C9 /* main.m */; };
		83AC4DBB16281DE5000C60C9 /* AppDelegate.m in Sources */ = {isa = PBXBuildFile; fileRef = 83AC4DBA16281DE5000C60C9 /* AppDelegate.m */; };
		83AC4DBD16281DE5000C60C9 /* Default.png in Resources */ = {isa = PBXBuildFile; fileRef = 83AC4DBC16281DE5000C60C9 /* Default.png */; };
		83AC4DBF16281DE5000C60C9 /* Default@2x.png in Resources */ = {isa = PBXBuildFile; fileRef = 83AC4DBE16281DE5000C60C9 /* Default@2x.png */; };
		83AC4DC116281DE5000C60C9 /* Default-568h@2x.png in Resources */ = {isa = PBXBuildFile; fileRef = 83AC4DC016281DE5000C60C9 /* Default-568h@2x.png */; };
		83AC4DDA16281E3D000C60C9 /* RootViewController.m in Sources */ = {isa = PBXBuildFile; fileRef = 83AC4DD616281E3D000C60C9 /* RootViewController.m */; };
		83AC4DDD16281E6E000C60C9 /* MainStoryboard.storyboard in Resources */ = {isa = PBXBuildFile; fileRef = 83AC4DDB16281E6E000C60C9 /* MainStoryboard.storyboard */; };
		83AC4E0216281EC3000C60C9 /* AVFoundation.framework in Frameworks */ = {isa = PBXBuildFile; fileRef = 83AC4E0116281EC3000C60C9 /* AVFoundation.framework */; settings = {ATTRIBUTES = (Weak, ); }; };
		83AC4E0416281EC9000C60C9 /* CoreMedia.framework in Frameworks */ = {isa = PBXBuildFile; fileRef = 83AC4E0316281EC9000C60C9 /* CoreMedia.framework */; settings = {ATTRIBUTES = (Weak, ); }; };
		83AC4E0616281ED9000C60C9 /* AudioToolbox.framework in Frameworks */ = {isa = PBXBuildFile; fileRef = 83AC4E0516281ED9000C60C9 /* AudioToolbox.framework */; settings = {ATTRIBUTES = (Weak, ); }; };
		83AC4E0816281EE2000C60C9 /* QuartzCore.framework in Frameworks */ = {isa = PBXBuildFile; fileRef = 83AC4E0716281EE2000C60C9 /* QuartzCore.framework */; settings = {ATTRIBUTES = (Weak, ); }; };
		83AC4E0A16281EEF000C60C9 /* CoreVideo.framework in Frameworks */ = {isa = PBXBuildFile; fileRef = 83AC4E0916281EEF000C60C9 /* CoreVideo.framework */; settings = {ATTRIBUTES = (Weak, ); }; };
		83AC4E0C16281EF8000C60C9 /* libiconv.dylib in Frameworks */ = {isa = PBXBuildFile; fileRef = 83AC4E0B16281EF8000C60C9 /* libiconv.dylib */; settings = {ATTRIBUTES = (Required, ); }; };
		83AC4E1316281F24000C60C9 /* UIKit.framework in Frameworks */ = {isa = PBXBuildFile; fileRef = 83AC4DAA16281DE5000C60C9 /* UIKit.framework */; };
		83AC4E1416281F24000C60C9 /* Foundation.framework in Frameworks */ = {isa = PBXBuildFile; fileRef = 83AC4DAC16281DE5000C60C9 /* Foundation.framework */; };
		83AC4E1516281F24000C60C9 /* CoreGraphics.framework in Frameworks */ = {isa = PBXBuildFile; fileRef = 83AC4DAE16281DE5000C60C9 /* CoreGraphics.framework */; };
		83AC4E1B16281F24000C60C9 /* InfoPlist.strings in Resources */ = {isa = PBXBuildFile; fileRef = 83AC4E1916281F24000C60C9 /* InfoPlist.strings */; };
		83AC4E1D16281F24000C60C9 /* main.m in Sources */ = {isa = PBXBuildFile; fileRef = 83AC4E1C16281F24000C60C9 /* main.m */; };
		83AC4E2316281F24000C60C9 /* Default.png in Resources */ = {isa = PBXBuildFile; fileRef = 83AC4E2216281F24000C60C9 /* Default.png */; };
		83AC4E2516281F24000C60C9 /* Default@2x.png in Resources */ = {isa = PBXBuildFile; fileRef = 83AC4E2416281F24000C60C9 /* Default@2x.png */; };
		83AC4E2716281F24000C60C9 /* Default-568h@2x.png in Resources */ = {isa = PBXBuildFile; fileRef = 83AC4E2616281F24000C60C9 /* Default-568h@2x.png */; };
		83AC4E2C16281F42000C60C9 /* GHUnitIOS.framework in Frameworks */ = {isa = PBXBuildFile; fileRef = 83AC4E2B16281F42000C60C9 /* GHUnitIOS.framework */; };
		83AC4E2F16282032000C60C9 /* QRCodeManagerTest.m in Sources */ = {isa = PBXBuildFile; fileRef = 83AC4E2E16282032000C60C9 /* QRCodeManagerTest.m */; };
		83E337A31640371B00BD3E90 /* CalendarCell.m in Sources */ = {isa = PBXBuildFile; fileRef = 83E337A21640371B00BD3E90 /* CalendarCell.m */; };
		9B11225E162DA88900723640 /* AddNewEventViewController.m in Sources */ = {isa = PBXBuildFile; fileRef = 9B11225D162DA88900723640 /* AddNewEventViewController.m */; };
		A7B269C21696A67100D58074 /* delete button.png in Resources */ = {isa = PBXBuildFile; fileRef = A7B269C11696A67100D58074 /* delete button.png */; };
		AF63A8C61695AA92004A14CF /* DarkGreyButton.jpg in Resources */ = {isa = PBXBuildFile; fileRef = AF63A8C51695AA92004A14CF /* DarkGreyButton.jpg */; };
		E896DF0C1639732F00A596A4 /* Settings.bundle in Resources */ = {isa = PBXBuildFile; fileRef = E896DF0B1639732F00A596A4 /* Settings.bundle */; };
		F9AA4BA61695B6030048C9B9 /* imeeticon.png in Resources */ = {isa = PBXBuildFile; fileRef = F9AA4BA51695B6030048C9B9 /* imeeticon.png */; };
		F9AA4BA91695B60A0048C9B9 /* imeeticon2x.png in Resources */ = {isa = PBXBuildFile; fileRef = F9AA4BA81695B60A0048C9B9 /* imeeticon2x.png */; };
/* End PBXBuildFile section */

/* Begin PBXFileReference section */
		209DE3D0168AD46000AD97ED /* DetailedViewController.h */ = {isa = PBXFileReference; fileEncoding = 4; lastKnownFileType = sourcecode.c.h; path = DetailedViewController.h; sourceTree = "<group>"; };
		209DE3D1168AD46000AD97ED /* DetailedViewController.m */ = {isa = PBXFileReference; fileEncoding = 4; lastKnownFileType = sourcecode.c.objc; path = DetailedViewController.m; sourceTree = "<group>"; };
		209DE3D9168AF24400AD97ED /* tick-cross.png */ = {isa = PBXFileReference; lastKnownFileType = image.png; path = "tick-cross.png"; sourceTree = "<group>"; };
		209DE3DB168AF5B500AD97ED /* images.jpg */ = {isa = PBXFileReference; lastKnownFileType = image.jpeg; path = images.jpg; sourceTree = "<group>"; };
		209DE3DD168AF76A00AD97ED /* index.jpg */ = {isa = PBXFileReference; lastKnownFileType = image.jpeg; path = index.jpg; sourceTree = "<group>"; };
		371A311A16C38B78001BFCF2 /* CalendarEvent.h */ = {isa = PBXFileReference; fileEncoding = 4; lastKnownFileType = sourcecode.c.h; path = CalendarEvent.h; sourceTree = "<group>"; };
		371A311B16C38B78001BFCF2 /* CalendarEvent.m */ = {isa = PBXFileReference; fileEncoding = 4; lastKnownFileType = sourcecode.c.objc; path = CalendarEvent.m; sourceTree = "<group>"; };
		830B4C9C1681C433001C743E /* SignInViewController.h */ = {isa = PBXFileReference; fileEncoding = 4; lastKnownFileType = sourcecode.c.h; path = SignInViewController.h; sourceTree = "<group>"; };
		830B4C9D1681C433001C743E /* SignInViewController.m */ = {isa = PBXFileReference; fileEncoding = 4; lastKnownFileType = sourcecode.c.objc; path = SignInViewController.m; sourceTree = "<group>"; };
		8318BD7C16370F4C003E2B01 /* GTLCalendar.h */ = {isa = PBXFileReference; fileEncoding = 4; lastKnownFileType = sourcecode.c.h; path = GTLCalendar.h; sourceTree = "<group>"; };
		8318BD7E16370F4C003E2B01 /* GTLCalendarAcl.h */ = {isa = PBXFileReference; fileEncoding = 4; lastKnownFileType = sourcecode.c.h; path = GTLCalendarAcl.h; sourceTree = "<group>"; };
		8318BD7F16370F4C003E2B01 /* GTLCalendarAcl.m */ = {isa = PBXFileReference; fileEncoding = 4; lastKnownFileType = sourcecode.c.objc; path = GTLCalendarAcl.m; sourceTree = "<group>"; };
		8318BD8016370F4C003E2B01 /* GTLCalendarAclRule.h */ = {isa = PBXFileReference; fileEncoding = 4; lastKnownFileType = sourcecode.c.h; path = GTLCalendarAclRule.h; sourceTree = "<group>"; };
		8318BD8116370F4C003E2B01 /* GTLCalendarAclRule.m */ = {isa = PBXFileReference; fileEncoding = 4; lastKnownFileType = sourcecode.c.objc; path = GTLCalendarAclRule.m; sourceTree = "<group>"; };
		8318BD8216370F4C003E2B01 /* GTLCalendarCalendar.h */ = {isa = PBXFileReference; fileEncoding = 4; lastKnownFileType = sourcecode.c.h; path = GTLCalendarCalendar.h; sourceTree = "<group>"; };
		8318BD8316370F4C003E2B01 /* GTLCalendarCalendar.m */ = {isa = PBXFileReference; fileEncoding = 4; lastKnownFileType = sourcecode.c.objc; path = GTLCalendarCalendar.m; sourceTree = "<group>"; };
		8318BD8416370F4C003E2B01 /* GTLCalendarCalendarList.h */ = {isa = PBXFileReference; fileEncoding = 4; lastKnownFileType = sourcecode.c.h; path = GTLCalendarCalendarList.h; sourceTree = "<group>"; };
		8318BD8516370F4C003E2B01 /* GTLCalendarCalendarList.m */ = {isa = PBXFileReference; fileEncoding = 4; lastKnownFileType = sourcecode.c.objc; path = GTLCalendarCalendarList.m; sourceTree = "<group>"; };
		8318BD8616370F4C003E2B01 /* GTLCalendarCalendarListEntry.h */ = {isa = PBXFileReference; fileEncoding = 4; lastKnownFileType = sourcecode.c.h; path = GTLCalendarCalendarListEntry.h; sourceTree = "<group>"; };
		8318BD8716370F4C003E2B01 /* GTLCalendarCalendarListEntry.m */ = {isa = PBXFileReference; fileEncoding = 4; lastKnownFileType = sourcecode.c.objc; path = GTLCalendarCalendarListEntry.m; sourceTree = "<group>"; };
		8318BD8816370F4C003E2B01 /* GTLCalendarColorDefinition.h */ = {isa = PBXFileReference; fileEncoding = 4; lastKnownFileType = sourcecode.c.h; path = GTLCalendarColorDefinition.h; sourceTree = "<group>"; };
		8318BD8916370F4C003E2B01 /* GTLCalendarColorDefinition.m */ = {isa = PBXFileReference; fileEncoding = 4; lastKnownFileType = sourcecode.c.objc; path = GTLCalendarColorDefinition.m; sourceTree = "<group>"; };
		8318BD8A16370F4C003E2B01 /* GTLCalendarColors.h */ = {isa = PBXFileReference; fileEncoding = 4; lastKnownFileType = sourcecode.c.h; path = GTLCalendarColors.h; sourceTree = "<group>"; };
		8318BD8B16370F4C003E2B01 /* GTLCalendarColors.m */ = {isa = PBXFileReference; fileEncoding = 4; lastKnownFileType = sourcecode.c.objc; path = GTLCalendarColors.m; sourceTree = "<group>"; };
		8318BD8C16370F4C003E2B01 /* GTLCalendarConstants.h */ = {isa = PBXFileReference; fileEncoding = 4; lastKnownFileType = sourcecode.c.h; path = GTLCalendarConstants.h; sourceTree = "<group>"; };
		8318BD8D16370F4C003E2B01 /* GTLCalendarConstants.m */ = {isa = PBXFileReference; fileEncoding = 4; lastKnownFileType = sourcecode.c.objc; path = GTLCalendarConstants.m; sourceTree = "<group>"; };
		8318BD8E16370F4C003E2B01 /* GTLCalendarError.h */ = {isa = PBXFileReference; fileEncoding = 4; lastKnownFileType = sourcecode.c.h; path = GTLCalendarError.h; sourceTree = "<group>"; };
		8318BD8F16370F4C003E2B01 /* GTLCalendarError.m */ = {isa = PBXFileReference; fileEncoding = 4; lastKnownFileType = sourcecode.c.objc; path = GTLCalendarError.m; sourceTree = "<group>"; };
		8318BD9016370F4C003E2B01 /* GTLCalendarEvent.h */ = {isa = PBXFileReference; fileEncoding = 4; lastKnownFileType = sourcecode.c.h; path = GTLCalendarEvent.h; sourceTree = "<group>"; };
		8318BD9116370F4C003E2B01 /* GTLCalendarEvent.m */ = {isa = PBXFileReference; fileEncoding = 4; lastKnownFileType = sourcecode.c.objc; path = GTLCalendarEvent.m; sourceTree = "<group>"; };
		8318BD9216370F4C003E2B01 /* GTLCalendarEventAttendee.h */ = {isa = PBXFileReference; fileEncoding = 4; lastKnownFileType = sourcecode.c.h; path = GTLCalendarEventAttendee.h; sourceTree = "<group>"; };
		8318BD9316370F4C003E2B01 /* GTLCalendarEventAttendee.m */ = {isa = PBXFileReference; fileEncoding = 4; lastKnownFileType = sourcecode.c.objc; path = GTLCalendarEventAttendee.m; sourceTree = "<group>"; };
		8318BD9416370F4C003E2B01 /* GTLCalendarEventDateTime.h */ = {isa = PBXFileReference; fileEncoding = 4; lastKnownFileType = sourcecode.c.h; path = GTLCalendarEventDateTime.h; sourceTree = "<group>"; };
		8318BD9516370F4C003E2B01 /* GTLCalendarEventDateTime.m */ = {isa = PBXFileReference; fileEncoding = 4; lastKnownFileType = sourcecode.c.objc; path = GTLCalendarEventDateTime.m; sourceTree = "<group>"; };
		8318BD9616370F4C003E2B01 /* GTLCalendarEventReminder.h */ = {isa = PBXFileReference; fileEncoding = 4; lastKnownFileType = sourcecode.c.h; path = GTLCalendarEventReminder.h; sourceTree = "<group>"; };
		8318BD9716370F4C003E2B01 /* GTLCalendarEventReminder.m */ = {isa = PBXFileReference; fileEncoding = 4; lastKnownFileType = sourcecode.c.objc; path = GTLCalendarEventReminder.m; sourceTree = "<group>"; };
		8318BD9816370F4C003E2B01 /* GTLCalendarEvents.h */ = {isa = PBXFileReference; fileEncoding = 4; lastKnownFileType = sourcecode.c.h; path = GTLCalendarEvents.h; sourceTree = "<group>"; };
		8318BD9916370F4C003E2B01 /* GTLCalendarEvents.m */ = {isa = PBXFileReference; fileEncoding = 4; lastKnownFileType = sourcecode.c.objc; path = GTLCalendarEvents.m; sourceTree = "<group>"; };
		8318BD9A16370F4C003E2B01 /* GTLCalendarFreeBusyCalendar.h */ = {isa = PBXFileReference; fileEncoding = 4; lastKnownFileType = sourcecode.c.h; path = GTLCalendarFreeBusyCalendar.h; sourceTree = "<group>"; };
		8318BD9B16370F4C003E2B01 /* GTLCalendarFreeBusyCalendar.m */ = {isa = PBXFileReference; fileEncoding = 4; lastKnownFileType = sourcecode.c.objc; path = GTLCalendarFreeBusyCalendar.m; sourceTree = "<group>"; };
		8318BD9C16370F4C003E2B01 /* GTLCalendarFreeBusyGroup.h */ = {isa = PBXFileReference; fileEncoding = 4; lastKnownFileType = sourcecode.c.h; path = GTLCalendarFreeBusyGroup.h; sourceTree = "<group>"; };
		8318BD9D16370F4C003E2B01 /* GTLCalendarFreeBusyGroup.m */ = {isa = PBXFileReference; fileEncoding = 4; lastKnownFileType = sourcecode.c.objc; path = GTLCalendarFreeBusyGroup.m; sourceTree = "<group>"; };
		8318BD9E16370F4C003E2B01 /* GTLCalendarFreeBusyRequestItem.h */ = {isa = PBXFileReference; fileEncoding = 4; lastKnownFileType = sourcecode.c.h; path = GTLCalendarFreeBusyRequestItem.h; sourceTree = "<group>"; };
		8318BD9F16370F4C003E2B01 /* GTLCalendarFreeBusyRequestItem.m */ = {isa = PBXFileReference; fileEncoding = 4; lastKnownFileType = sourcecode.c.objc; path = GTLCalendarFreeBusyRequestItem.m; sourceTree = "<group>"; };
		8318BDA016370F4C003E2B01 /* GTLCalendarFreeBusyResponse.h */ = {isa = PBXFileReference; fileEncoding = 4; lastKnownFileType = sourcecode.c.h; path = GTLCalendarFreeBusyResponse.h; sourceTree = "<group>"; };
		8318BDA116370F4C003E2B01 /* GTLCalendarFreeBusyResponse.m */ = {isa = PBXFileReference; fileEncoding = 4; lastKnownFileType = sourcecode.c.objc; path = GTLCalendarFreeBusyResponse.m; sourceTree = "<group>"; };
		8318BDA216370F4C003E2B01 /* GTLCalendarSetting.h */ = {isa = PBXFileReference; fileEncoding = 4; lastKnownFileType = sourcecode.c.h; path = GTLCalendarSetting.h; sourceTree = "<group>"; };
		8318BDA316370F4C003E2B01 /* GTLCalendarSetting.m */ = {isa = PBXFileReference; fileEncoding = 4; lastKnownFileType = sourcecode.c.objc; path = GTLCalendarSetting.m; sourceTree = "<group>"; };
		8318BDA416370F4C003E2B01 /* GTLCalendarSettings.h */ = {isa = PBXFileReference; fileEncoding = 4; lastKnownFileType = sourcecode.c.h; path = GTLCalendarSettings.h; sourceTree = "<group>"; };
		8318BDA516370F4C003E2B01 /* GTLCalendarSettings.m */ = {isa = PBXFileReference; fileEncoding = 4; lastKnownFileType = sourcecode.c.objc; path = GTLCalendarSettings.m; sourceTree = "<group>"; };
		8318BDA616370F4C003E2B01 /* GTLCalendarTimePeriod.h */ = {isa = PBXFileReference; fileEncoding = 4; lastKnownFileType = sourcecode.c.h; path = GTLCalendarTimePeriod.h; sourceTree = "<group>"; };
		8318BDA716370F4C003E2B01 /* GTLCalendarTimePeriod.m */ = {isa = PBXFileReference; fileEncoding = 4; lastKnownFileType = sourcecode.c.objc; path = GTLCalendarTimePeriod.m; sourceTree = "<group>"; };
		8318BDA816370F4C003E2B01 /* GTLQueryCalendar.h */ = {isa = PBXFileReference; fileEncoding = 4; lastKnownFileType = sourcecode.c.h; path = GTLQueryCalendar.h; sourceTree = "<group>"; };
		8318BDA916370F4C003E2B01 /* GTLQueryCalendar.m */ = {isa = PBXFileReference; fileEncoding = 4; lastKnownFileType = sourcecode.c.objc; path = GTLQueryCalendar.m; sourceTree = "<group>"; };
		8318BDAA16370F4C003E2B01 /* GTLServiceCalendar.h */ = {isa = PBXFileReference; fileEncoding = 4; lastKnownFileType = sourcecode.c.h; path = GTLServiceCalendar.h; sourceTree = "<group>"; };
		8318BDAB16370F4C003E2B01 /* GTLServiceCalendar.m */ = {isa = PBXFileReference; fileEncoding = 4; lastKnownFileType = sourcecode.c.objc; path = GTLServiceCalendar.m; sourceTree = "<group>"; };
		8318BDE1163715C6003E2B01 /* Security.framework */ = {isa = PBXFileReference; lastKnownFileType = wrapper.framework; name = Security.framework; path = System/Library/Frameworks/Security.framework; sourceTree = SDKROOT; };
		8318BDE316371610003E2B01 /* SystemConfiguration.framework */ = {isa = PBXFileReference; lastKnownFileType = wrapper.framework; name = SystemConfiguration.framework; path = System/Library/Frameworks/SystemConfiguration.framework; sourceTree = SDKROOT; };
		8318BE16163718C3003E2B01 /* GTLBase64.h */ = {isa = PBXFileReference; fileEncoding = 4; lastKnownFileType = sourcecode.c.h; path = GTLBase64.h; sourceTree = "<group>"; };
		8318BE17163718C3003E2B01 /* GTLBatchQuery.h */ = {isa = PBXFileReference; fileEncoding = 4; lastKnownFileType = sourcecode.c.h; path = GTLBatchQuery.h; sourceTree = "<group>"; };
		8318BE18163718C3003E2B01 /* GTLBatchResult.h */ = {isa = PBXFileReference; fileEncoding = 4; lastKnownFileType = sourcecode.c.h; path = GTLBatchResult.h; sourceTree = "<group>"; };
		8318BE19163718C3003E2B01 /* GTLDateTime.h */ = {isa = PBXFileReference; fileEncoding = 4; lastKnownFileType = sourcecode.c.h; path = GTLDateTime.h; sourceTree = "<group>"; };
		8318BE1A163718C3003E2B01 /* GTLDefines.h */ = {isa = PBXFileReference; fileEncoding = 4; lastKnownFileType = sourcecode.c.h; path = GTLDefines.h; sourceTree = "<group>"; };
		8318BE1B163718C3003E2B01 /* GTLErrorObject.h */ = {isa = PBXFileReference; fileEncoding = 4; lastKnownFileType = sourcecode.c.h; path = GTLErrorObject.h; sourceTree = "<group>"; };
		8318BE1C163718C3003E2B01 /* GTLFramework.h */ = {isa = PBXFileReference; fileEncoding = 4; lastKnownFileType = sourcecode.c.h; path = GTLFramework.h; sourceTree = "<group>"; };
		8318BE1D163718C3003E2B01 /* GTLJSONParser.h */ = {isa = PBXFileReference; fileEncoding = 4; lastKnownFileType = sourcecode.c.h; path = GTLJSONParser.h; sourceTree = "<group>"; };
		8318BE1E163718C3003E2B01 /* GTLObject.h */ = {isa = PBXFileReference; fileEncoding = 4; lastKnownFileType = sourcecode.c.h; path = GTLObject.h; sourceTree = "<group>"; };
		8318BE1F163718C3003E2B01 /* GTLQuery.h */ = {isa = PBXFileReference; fileEncoding = 4; lastKnownFileType = sourcecode.c.h; path = GTLQuery.h; sourceTree = "<group>"; };
		8318BE20163718C3003E2B01 /* GTLRuntimeCommon.h */ = {isa = PBXFileReference; fileEncoding = 4; lastKnownFileType = sourcecode.c.h; path = GTLRuntimeCommon.h; sourceTree = "<group>"; };
		8318BE21163718C3003E2B01 /* GTLService.h */ = {isa = PBXFileReference; fileEncoding = 4; lastKnownFileType = sourcecode.c.h; path = GTLService.h; sourceTree = "<group>"; };
		8318BE22163718C3003E2B01 /* GTLTargetNamespace.h */ = {isa = PBXFileReference; fileEncoding = 4; lastKnownFileType = sourcecode.c.h; path = GTLTargetNamespace.h; sourceTree = "<group>"; };
		8318BE23163718C3003E2B01 /* GTLUploadParameters.h */ = {isa = PBXFileReference; fileEncoding = 4; lastKnownFileType = sourcecode.c.h; path = GTLUploadParameters.h; sourceTree = "<group>"; };
		8318BE24163718C3003E2B01 /* GTLUtilities.h */ = {isa = PBXFileReference; fileEncoding = 4; lastKnownFileType = sourcecode.c.h; path = GTLUtilities.h; sourceTree = "<group>"; };
		8318BE25163718C3003E2B01 /* GTMGatherInputStream.h */ = {isa = PBXFileReference; fileEncoding = 4; lastKnownFileType = sourcecode.c.h; path = GTMGatherInputStream.h; sourceTree = "<group>"; };
		8318BE26163718C3003E2B01 /* GTMHTTPFetcher.h */ = {isa = PBXFileReference; fileEncoding = 4; lastKnownFileType = sourcecode.c.h; path = GTMHTTPFetcher.h; sourceTree = "<group>"; };
		8318BE27163718C3003E2B01 /* GTMHTTPFetcherLogging.h */ = {isa = PBXFileReference; fileEncoding = 4; lastKnownFileType = sourcecode.c.h; path = GTMHTTPFetcherLogging.h; sourceTree = "<group>"; };
		8318BE28163718C3003E2B01 /* GTMHTTPFetcherService.h */ = {isa = PBXFileReference; fileEncoding = 4; lastKnownFileType = sourcecode.c.h; path = GTMHTTPFetcherService.h; sourceTree = "<group>"; };
		8318BE29163718C3003E2B01 /* GTMHTTPFetchHistory.h */ = {isa = PBXFileReference; fileEncoding = 4; lastKnownFileType = sourcecode.c.h; path = GTMHTTPFetchHistory.h; sourceTree = "<group>"; };
		8318BE2A163718C3003E2B01 /* GTMHTTPUploadFetcher.h */ = {isa = PBXFileReference; fileEncoding = 4; lastKnownFileType = sourcecode.c.h; path = GTMHTTPUploadFetcher.h; sourceTree = "<group>"; };
		8318BE2B163718C3003E2B01 /* GTMMIMEDocument.h */ = {isa = PBXFileReference; fileEncoding = 4; lastKnownFileType = sourcecode.c.h; path = GTMMIMEDocument.h; sourceTree = "<group>"; };
		8318BE2C163718C3003E2B01 /* GTMOAuth2Authentication.h */ = {isa = PBXFileReference; fileEncoding = 4; lastKnownFileType = sourcecode.c.h; path = GTMOAuth2Authentication.h; sourceTree = "<group>"; };
		8318BE2D163718C3003E2B01 /* GTMOAuth2SignIn.h */ = {isa = PBXFileReference; fileEncoding = 4; lastKnownFileType = sourcecode.c.h; path = GTMOAuth2SignIn.h; sourceTree = "<group>"; };
		8318BE2E163718C3003E2B01 /* GTMOAuth2ViewControllerTouch.h */ = {isa = PBXFileReference; fileEncoding = 4; lastKnownFileType = sourcecode.c.h; path = GTMOAuth2ViewControllerTouch.h; sourceTree = "<group>"; };
		8318BE2F163718C3003E2B01 /* GTMOAuth2WindowController.h */ = {isa = PBXFileReference; fileEncoding = 4; lastKnownFileType = sourcecode.c.h; path = GTMOAuth2WindowController.h; sourceTree = "<group>"; };
		8318BE30163718C3003E2B01 /* GTMReadMonitorInputStream.h */ = {isa = PBXFileReference; fileEncoding = 4; lastKnownFileType = sourcecode.c.h; path = GTMReadMonitorInputStream.h; sourceTree = "<group>"; };
		8318BE6616379E00003E2B01 /* GTMOAuth2ViewTouch.xib */ = {isa = PBXFileReference; fileEncoding = 4; lastKnownFileType = file.xib; path = GTMOAuth2ViewTouch.xib; sourceTree = "<group>"; };
		8318BE681637AAA4003E2B01 /* DateTimeUtility.h */ = {isa = PBXFileReference; fileEncoding = 4; lastKnownFileType = sourcecode.c.h; path = DateTimeUtility.h; sourceTree = "<group>"; };
		8318BE691637AAA4003E2B01 /* DateTimeUtility.m */ = {isa = PBXFileReference; fileEncoding = 4; lastKnownFileType = sourcecode.c.objc; path = DateTimeUtility.m; sourceTree = "<group>"; };
		8318BE6B1637C979003E2B01 /* CalendarViewController.h */ = {isa = PBXFileReference; fileEncoding = 4; lastKnownFileType = sourcecode.c.h; path = CalendarViewController.h; sourceTree = "<group>"; };
		8318BE6C1637C979003E2B01 /* CalendarViewController.m */ = {isa = PBXFileReference; fileEncoding = 4; lastKnownFileType = sourcecode.c.objc; path = CalendarViewController.m; sourceTree = "<group>"; };
		833D6D28167E0D7400BB44FB /* i-meeting.entitlements */ = {isa = PBXFileReference; lastKnownFileType = text.xml; path = "i-meeting.entitlements"; sourceTree = "<group>"; };
		833FCAAB167E1AE5009CC996 /* Decoder.h */ = {isa = PBXFileReference; fileEncoding = 4; lastKnownFileType = sourcecode.c.h; path = Decoder.h; sourceTree = "<group>"; };
		833FCAAC167E1AE5009CC996 /* Exception.h */ = {isa = PBXFileReference; fileEncoding = 4; lastKnownFileType = sourcecode.c.h; path = Exception.h; sourceTree = "<group>"; };
		833FCAAD167E1AE5009CC996 /* Image.h */ = {isa = PBXFileReference; fileEncoding = 4; lastKnownFileType = sourcecode.c.h; path = Image.h; sourceTree = "<group>"; };
		833FCAAE167E1AE5009CC996 /* ImageScanner.h */ = {isa = PBXFileReference; fileEncoding = 4; lastKnownFileType = sourcecode.c.h; path = ImageScanner.h; sourceTree = "<group>"; };
		833FCAAF167E1AE5009CC996 /* Processor.h */ = {isa = PBXFileReference; fileEncoding = 4; lastKnownFileType = sourcecode.c.h; path = Processor.h; sourceTree = "<group>"; };
		833FCAB0167E1AE5009CC996 /* Scanner.h */ = {isa = PBXFileReference; fileEncoding = 4; lastKnownFileType = sourcecode.c.h; path = Scanner.h; sourceTree = "<group>"; };
		833FCAB1167E1AE5009CC996 /* Symbol.h */ = {isa = PBXFileReference; fileEncoding = 4; lastKnownFileType = sourcecode.c.h; path = Symbol.h; sourceTree = "<group>"; };
		833FCAB2167E1AE5009CC996 /* Video.h */ = {isa = PBXFileReference; fileEncoding = 4; lastKnownFileType = sourcecode.c.h; path = Video.h; sourceTree = "<group>"; };
		833FCAB3167E1AE5009CC996 /* Window.h */ = {isa = PBXFileReference; fileEncoding = 4; lastKnownFileType = sourcecode.c.h; path = Window.h; sourceTree = "<group>"; };
		833FCAB4167E1AE5009CC996 /* zbar.h */ = {isa = PBXFileReference; fileEncoding = 4; lastKnownFileType = sourcecode.c.h; path = zbar.h; sourceTree = "<group>"; };
		833FCAB5167E1AE5009CC996 /* ZBarCameraSimulator.h */ = {isa = PBXFileReference; fileEncoding = 4; lastKnownFileType = sourcecode.c.h; path = ZBarCameraSimulator.h; sourceTree = "<group>"; };
		833FCAB6167E1AE5009CC996 /* ZBarCaptureReader.h */ = {isa = PBXFileReference; fileEncoding = 4; lastKnownFileType = sourcecode.c.h; path = ZBarCaptureReader.h; sourceTree = "<group>"; };
		833FCAB7167E1AE5009CC996 /* ZBarHelpController.h */ = {isa = PBXFileReference; fileEncoding = 4; lastKnownFileType = sourcecode.c.h; path = ZBarHelpController.h; sourceTree = "<group>"; };
		833FCAB8167E1AE5009CC996 /* ZBarImage.h */ = {isa = PBXFileReference; fileEncoding = 4; lastKnownFileType = sourcecode.c.h; path = ZBarImage.h; sourceTree = "<group>"; };
		833FCAB9167E1AE5009CC996 /* ZBarImageScanner.h */ = {isa = PBXFileReference; fileEncoding = 4; lastKnownFileType = sourcecode.c.h; path = ZBarImageScanner.h; sourceTree = "<group>"; };
		833FCABA167E1AE5009CC996 /* ZBarReaderController.h */ = {isa = PBXFileReference; fileEncoding = 4; lastKnownFileType = sourcecode.c.h; path = ZBarReaderController.h; sourceTree = "<group>"; };
		833FCABB167E1AE5009CC996 /* ZBarReaderView.h */ = {isa = PBXFileReference; fileEncoding = 4; lastKnownFileType = sourcecode.c.h; path = ZBarReaderView.h; sourceTree = "<group>"; };
		833FCABC167E1AE5009CC996 /* ZBarReaderViewController.h */ = {isa = PBXFileReference; fileEncoding = 4; lastKnownFileType = sourcecode.c.h; path = ZBarReaderViewController.h; sourceTree = "<group>"; };
		833FCABD167E1AE5009CC996 /* ZBarSDK.h */ = {isa = PBXFileReference; fileEncoding = 4; lastKnownFileType = sourcecode.c.h; path = ZBarSDK.h; sourceTree = "<group>"; };
		833FCABE167E1AE5009CC996 /* ZBarSymbol.h */ = {isa = PBXFileReference; fileEncoding = 4; lastKnownFileType = sourcecode.c.h; path = ZBarSymbol.h; sourceTree = "<group>"; };
		833FCAC1167E1AE5009CC996 /* zbar-back.png */ = {isa = PBXFileReference; lastKnownFileType = image.png; path = "zbar-back.png"; sourceTree = "<group>"; };
		833FCAC2167E1AE5009CC996 /* zbar-help.html */ = {isa = PBXFileReference; fileEncoding = 4; lastKnownFileType = text.html; path = "zbar-help.html"; sourceTree = "<group>"; };
		833FCAC3167E1AE5009CC996 /* zbar-helpicons.png */ = {isa = PBXFileReference; lastKnownFileType = image.png; path = "zbar-helpicons.png"; sourceTree = "<group>"; };
		833FCAC4167E1AE5009CC996 /* zbar-samples.png */ = {isa = PBXFileReference; lastKnownFileType = image.png; path = "zbar-samples.png"; sourceTree = "<group>"; };
		8361797016BA6F1800DEB869 /* GTLCalendarManager.h */ = {isa = PBXFileReference; fileEncoding = 4; lastKnownFileType = sourcecode.c.h; name = GTLCalendarManager.h; path = ../GTLCalendarManager.h; sourceTree = "<group>"; };
		8361797116BA6F1800DEB869 /* GTLCalendarManager.m */ = {isa = PBXFileReference; fileEncoding = 4; lastKnownFileType = sourcecode.c.objc; name = GTLCalendarManager.m; path = ../GTLCalendarManager.m; sourceTree = "<group>"; };
		839FE19B169DE24100DA8146 /* libzbar.a */ = {isa = PBXFileReference; lastKnownFileType = archive.ar; path = libzbar.a; sourceTree = "<group>"; };
		839FE19D169DE5F100DA8146 /* libGTLTouchStaticLib.a */ = {isa = PBXFileReference; lastKnownFileType = archive.ar; path = libGTLTouchStaticLib.a; sourceTree = "<group>"; };
		83A73659166A6DAB00DC5D61 /* SignInHandler.m */ = {isa = PBXFileReference; fileEncoding = 4; lastKnownFileType = sourcecode.c.objc; path = SignInHandler.m; sourceTree = "<group>"; };
		83A7365B166A724C00DC5D61 /* SignInHandler.h */ = {isa = PBXFileReference; fileEncoding = 4; lastKnownFileType = sourcecode.c.h; path = SignInHandler.h; sourceTree = "<group>"; };
		83A9949B164419F9009CD997 /* QRCodeManager.m */ = {isa = PBXFileReference; fileEncoding = 4; lastKnownFileType = sourcecode.c.objc; path = QRCodeManager.m; sourceTree = "<group>"; };
		83A9949E16441AE2009CD997 /* profile selected.png */ = {isa = PBXFileReference; lastKnownFileType = image.png; path = "profile selected.png"; sourceTree = "<group>"; };
		83A9949F16441AE2009CD997 /* profile.png */ = {isa = PBXFileReference; lastKnownFileType = image.png; path = profile.png; sourceTree = "<group>"; };
		83A994A016441AE2009CD997 /* rooms unselected.png */ = {isa = PBXFileReference; lastKnownFileType = image.png; path = "rooms unselected.png"; sourceTree = "<group>"; };
		83A994A116441AE2009CD997 /* rooms.png */ = {isa = PBXFileReference; lastKnownFileType = image.png; path = rooms.png; sourceTree = "<group>"; };
		83A994A416441AE2009CD997 /* settings selected.png */ = {isa = PBXFileReference; lastKnownFileType = image.png; path = "settings selected.png"; sourceTree = "<group>"; };
		83A994A516441AE2009CD997 /* settings.png */ = {isa = PBXFileReference; lastKnownFileType = image.png; path = settings.png; sourceTree = "<group>"; };
		83AC4DA616281DE5000C60C9 /* i-meeting.app */ = {isa = PBXFileReference; explicitFileType = wrapper.application; includeInIndex = 0; path = "i-meeting.app"; sourceTree = BUILT_PRODUCTS_DIR; };
		83AC4DAA16281DE5000C60C9 /* UIKit.framework */ = {isa = PBXFileReference; lastKnownFileType = wrapper.framework; name = UIKit.framework; path = System/Library/Frameworks/UIKit.framework; sourceTree = SDKROOT; };
		83AC4DAC16281DE5000C60C9 /* Foundation.framework */ = {isa = PBXFileReference; lastKnownFileType = wrapper.framework; name = Foundation.framework; path = System/Library/Frameworks/Foundation.framework; sourceTree = SDKROOT; };
		83AC4DAE16281DE5000C60C9 /* CoreGraphics.framework */ = {isa = PBXFileReference; lastKnownFileType = wrapper.framework; name = CoreGraphics.framework; path = System/Library/Frameworks/CoreGraphics.framework; sourceTree = SDKROOT; };
		83AC4DB216281DE5000C60C9 /* i-meeting-Info.plist */ = {isa = PBXFileReference; lastKnownFileType = text.plist.xml; path = "i-meeting-Info.plist"; sourceTree = "<group>"; };
		83AC4DB416281DE5000C60C9 /* en */ = {isa = PBXFileReference; lastKnownFileType = text.plist.strings; name = en; path = en.lproj/InfoPlist.strings; sourceTree = "<group>"; };
		83AC4DB616281DE5000C60C9 /* main.m */ = {isa = PBXFileReference; lastKnownFileType = sourcecode.c.objc; path = main.m; sourceTree = "<group>"; };
		83AC4DB816281DE5000C60C9 /* i-meeting-Prefix.pch */ = {isa = PBXFileReference; lastKnownFileType = sourcecode.c.h; path = "i-meeting-Prefix.pch"; sourceTree = "<group>"; };
		83AC4DB916281DE5000C60C9 /* AppDelegate.h */ = {isa = PBXFileReference; lastKnownFileType = sourcecode.c.h; path = AppDelegate.h; sourceTree = "<group>"; };
		83AC4DBA16281DE5000C60C9 /* AppDelegate.m */ = {isa = PBXFileReference; lastKnownFileType = sourcecode.c.objc; path = AppDelegate.m; sourceTree = "<group>"; };
		83AC4DBC16281DE5000C60C9 /* Default.png */ = {isa = PBXFileReference; lastKnownFileType = image.png; path = Default.png; sourceTree = "<group>"; };
		83AC4DBE16281DE5000C60C9 /* Default@2x.png */ = {isa = PBXFileReference; lastKnownFileType = image.png; path = "Default@2x.png"; sourceTree = "<group>"; };
		83AC4DC016281DE5000C60C9 /* Default-568h@2x.png */ = {isa = PBXFileReference; lastKnownFileType = image.png; path = "Default-568h@2x.png"; sourceTree = "<group>"; };
		83AC4DD316281E3D000C60C9 /* QRCodeManager.h */ = {isa = PBXFileReference; fileEncoding = 4; lastKnownFileType = sourcecode.c.h; path = QRCodeManager.h; sourceTree = "<group>"; };
		83AC4DD516281E3D000C60C9 /* RootViewController.h */ = {isa = PBXFileReference; fileEncoding = 4; lastKnownFileType = sourcecode.c.h; path = RootViewController.h; sourceTree = "<group>"; };
		83AC4DD616281E3D000C60C9 /* RootViewController.m */ = {isa = PBXFileReference; fileEncoding = 4; lastKnownFileType = sourcecode.c.objc; path = RootViewController.m; sourceTree = "<group>"; };
		83AC4DDC16281E6E000C60C9 /* en */ = {isa = PBXFileReference; lastKnownFileType = file.storyboard; name = en; path = en.lproj/MainStoryboard.storyboard; sourceTree = "<group>"; };
		83AC4E0116281EC3000C60C9 /* AVFoundation.framework */ = {isa = PBXFileReference; lastKnownFileType = wrapper.framework; name = AVFoundation.framework; path = System/Library/Frameworks/AVFoundation.framework; sourceTree = SDKROOT; };
		83AC4E0316281EC9000C60C9 /* CoreMedia.framework */ = {isa = PBXFileReference; lastKnownFileType = wrapper.framework; name = CoreMedia.framework; path = System/Library/Frameworks/CoreMedia.framework; sourceTree = SDKROOT; };
		83AC4E0516281ED9000C60C9 /* AudioToolbox.framework */ = {isa = PBXFileReference; lastKnownFileType = wrapper.framework; name = AudioToolbox.framework; path = System/Library/Frameworks/AudioToolbox.framework; sourceTree = SDKROOT; };
		83AC4E0716281EE2000C60C9 /* QuartzCore.framework */ = {isa = PBXFileReference; lastKnownFileType = wrapper.framework; name = QuartzCore.framework; path = System/Library/Frameworks/QuartzCore.framework; sourceTree = SDKROOT; };
		83AC4E0916281EEF000C60C9 /* CoreVideo.framework */ = {isa = PBXFileReference; lastKnownFileType = wrapper.framework; name = CoreVideo.framework; path = System/Library/Frameworks/CoreVideo.framework; sourceTree = SDKROOT; };
		83AC4E0B16281EF8000C60C9 /* libiconv.dylib */ = {isa = PBXFileReference; lastKnownFileType = "compiled.mach-o.dylib"; name = libiconv.dylib; path = usr/lib/libiconv.dylib; sourceTree = SDKROOT; };
		83AC4E1116281F24000C60C9 /* i-meeting-tests.app */ = {isa = PBXFileReference; explicitFileType = wrapper.application; includeInIndex = 0; path = "i-meeting-tests.app"; sourceTree = BUILT_PRODUCTS_DIR; };
		83AC4E1816281F24000C60C9 /* i-meeting-tests-Info.plist */ = {isa = PBXFileReference; lastKnownFileType = text.plist.xml; path = "i-meeting-tests-Info.plist"; sourceTree = "<group>"; };
		83AC4E1A16281F24000C60C9 /* en */ = {isa = PBXFileReference; lastKnownFileType = text.plist.strings; name = en; path = en.lproj/InfoPlist.strings; sourceTree = "<group>"; };
		83AC4E1C16281F24000C60C9 /* main.m */ = {isa = PBXFileReference; lastKnownFileType = sourcecode.c.objc; path = main.m; sourceTree = "<group>"; };
		83AC4E1E16281F24000C60C9 /* i-meeting-tests-Prefix.pch */ = {isa = PBXFileReference; lastKnownFileType = sourcecode.c.h; path = "i-meeting-tests-Prefix.pch"; sourceTree = "<group>"; };
		83AC4E2216281F24000C60C9 /* Default.png */ = {isa = PBXFileReference; lastKnownFileType = image.png; path = Default.png; sourceTree = "<group>"; };
		83AC4E2416281F24000C60C9 /* Default@2x.png */ = {isa = PBXFileReference; lastKnownFileType = image.png; path = "Default@2x.png"; sourceTree = "<group>"; };
		83AC4E2616281F24000C60C9 /* Default-568h@2x.png */ = {isa = PBXFileReference; lastKnownFileType = image.png; path = "Default-568h@2x.png"; sourceTree = "<group>"; };
		83AC4E2B16281F42000C60C9 /* GHUnitIOS.framework */ = {isa = PBXFileReference; lastKnownFileType = wrapper.framework; path = GHUnitIOS.framework; sourceTree = "<group>"; };
		83AC4E2D16282032000C60C9 /* QRCodeManagerTest.h */ = {isa = PBXFileReference; fileEncoding = 4; lastKnownFileType = sourcecode.c.h; path = QRCodeManagerTest.h; sourceTree = "<group>"; };
		83AC4E2E16282032000C60C9 /* QRCodeManagerTest.m */ = {isa = PBXFileReference; fileEncoding = 4; lastKnownFileType = sourcecode.c.objc; path = QRCodeManagerTest.m; sourceTree = "<group>"; };
		83E337A11640371A00BD3E90 /* CalendarCell.h */ = {isa = PBXFileReference; fileEncoding = 4; lastKnownFileType = sourcecode.c.h; path = CalendarCell.h; sourceTree = "<group>"; };
		83E337A21640371B00BD3E90 /* CalendarCell.m */ = {isa = PBXFileReference; fileEncoding = 4; lastKnownFileType = sourcecode.c.objc; path = CalendarCell.m; sourceTree = "<group>"; };
		9B11225C162DA88900723640 /* AddNewEventViewController.h */ = {isa = PBXFileReference; fileEncoding = 4; lastKnownFileType = sourcecode.c.h; path = AddNewEventViewController.h; sourceTree = "<group>"; };
		9B11225D162DA88900723640 /* AddNewEventViewController.m */ = {isa = PBXFileReference; fileEncoding = 4; lastKnownFileType = sourcecode.c.objc; path = AddNewEventViewController.m; sourceTree = "<group>"; };
		A7B269C11696A67100D58074 /* delete button.png */ = {isa = PBXFileReference; lastKnownFileType = image.png; path = "delete button.png"; sourceTree = "<group>"; };
		AF63A8C51695AA92004A14CF /* DarkGreyButton.jpg */ = {isa = PBXFileReference; lastKnownFileType = image.jpeg; path = DarkGreyButton.jpg; sourceTree = "<group>"; };
		E896DF0B1639732F00A596A4 /* Settings.bundle */ = {isa = PBXFileReference; lastKnownFileType = "wrapper.plug-in"; path = Settings.bundle; sourceTree = "<group>"; };
		F9AA4BA51695B6030048C9B9 /* imeeticon.png */ = {isa = PBXFileReference; lastKnownFileType = image.png; name = imeeticon.png; path = ../imeeticon.png; sourceTree = "<group>"; };
		F9AA4BA81695B60A0048C9B9 /* imeeticon2x.png */ = {isa = PBXFileReference; lastKnownFileType = image.png; name = imeeticon2x.png; path = ../imeeticon2x.png; sourceTree = "<group>"; };
/* End PBXFileReference section */

/* Begin PBXFrameworksBuildPhase section */
		83AC4DA316281DE5000C60C9 /* Frameworks */ = {
			isa = PBXFrameworksBuildPhase;
			buildActionMask = 2147483647;
			files = (
				8318BDE416371610003E2B01 /* SystemConfiguration.framework in Frameworks */,
				8318BDE2163715C6003E2B01 /* Security.framework in Frameworks */,
				83AC4E0C16281EF8000C60C9 /* libiconv.dylib in Frameworks */,
				83AC4E0A16281EEF000C60C9 /* CoreVideo.framework in Frameworks */,
				83AC4E0816281EE2000C60C9 /* QuartzCore.framework in Frameworks */,
				83AC4E0616281ED9000C60C9 /* AudioToolbox.framework in Frameworks */,
				83AC4E0416281EC9000C60C9 /* CoreMedia.framework in Frameworks */,
				83AC4E0216281EC3000C60C9 /* AVFoundation.framework in Frameworks */,
				83AC4DAB16281DE5000C60C9 /* UIKit.framework in Frameworks */,
				83AC4DAD16281DE5000C60C9 /* Foundation.framework in Frameworks */,
				83AC4DAF16281DE5000C60C9 /* CoreGraphics.framework in Frameworks */,
				839FE19C169DE24100DA8146 /* libzbar.a in Frameworks */,
				839FE19E169DE5F100DA8146 /* libGTLTouchStaticLib.a in Frameworks */,
			);
			runOnlyForDeploymentPostprocessing = 0;
		};
		83AC4E0E16281F24000C60C9 /* Frameworks */ = {
			isa = PBXFrameworksBuildPhase;
			buildActionMask = 2147483647;
			files = (
				83AC4E1316281F24000C60C9 /* UIKit.framework in Frameworks */,
				83AC4E1416281F24000C60C9 /* Foundation.framework in Frameworks */,
				83AC4E1516281F24000C60C9 /* CoreGraphics.framework in Frameworks */,
				83AC4E2C16281F42000C60C9 /* GHUnitIOS.framework in Frameworks */,
			);
			runOnlyForDeploymentPostprocessing = 0;
		};
/* End PBXFrameworksBuildPhase section */

/* Begin PBXGroup section */
		8318BD5D16370EB5003E2B01 /* GTL */ = {
			isa = PBXGroup;
			children = (
				8318BE14163718A1003E2B01 /* Common */,
				8318BD7A16370F4C003E2B01 /* Calendar */,
			);
			name = GTL;
			sourceTree = "<group>";
		};
		8318BD7A16370F4C003E2B01 /* Calendar */ = {
			isa = PBXGroup;
			children = (
				8318BD7B16370F4C003E2B01 /* Generated */,
			);
			path = Calendar;
			sourceTree = "<group>";
		};
		8318BD7B16370F4C003E2B01 /* Generated */ = {
			isa = PBXGroup;
			children = (
				8318BD7C16370F4C003E2B01 /* GTLCalendar.h */,
				8318BD7E16370F4C003E2B01 /* GTLCalendarAcl.h */,
				8318BD7F16370F4C003E2B01 /* GTLCalendarAcl.m */,
				8318BD8016370F4C003E2B01 /* GTLCalendarAclRule.h */,
				8318BD8116370F4C003E2B01 /* GTLCalendarAclRule.m */,
				8318BD8216370F4C003E2B01 /* GTLCalendarCalendar.h */,
				8318BD8316370F4C003E2B01 /* GTLCalendarCalendar.m */,
				8318BD8416370F4C003E2B01 /* GTLCalendarCalendarList.h */,
				8318BD8516370F4C003E2B01 /* GTLCalendarCalendarList.m */,
				8318BD8616370F4C003E2B01 /* GTLCalendarCalendarListEntry.h */,
				8318BD8716370F4C003E2B01 /* GTLCalendarCalendarListEntry.m */,
				8318BD8816370F4C003E2B01 /* GTLCalendarColorDefinition.h */,
				8318BD8916370F4C003E2B01 /* GTLCalendarColorDefinition.m */,
				8318BD8A16370F4C003E2B01 /* GTLCalendarColors.h */,
				8318BD8B16370F4C003E2B01 /* GTLCalendarColors.m */,
				8318BD8C16370F4C003E2B01 /* GTLCalendarConstants.h */,
				8318BD8D16370F4C003E2B01 /* GTLCalendarConstants.m */,
				8318BD8E16370F4C003E2B01 /* GTLCalendarError.h */,
				8318BD8F16370F4C003E2B01 /* GTLCalendarError.m */,
				8318BD9016370F4C003E2B01 /* GTLCalendarEvent.h */,
				8318BD9116370F4C003E2B01 /* GTLCalendarEvent.m */,
				8318BD9216370F4C003E2B01 /* GTLCalendarEventAttendee.h */,
				8318BD9316370F4C003E2B01 /* GTLCalendarEventAttendee.m */,
				8318BD9416370F4C003E2B01 /* GTLCalendarEventDateTime.h */,
				8318BD9516370F4C003E2B01 /* GTLCalendarEventDateTime.m */,
				8318BD9616370F4C003E2B01 /* GTLCalendarEventReminder.h */,
				8318BD9716370F4C003E2B01 /* GTLCalendarEventReminder.m */,
				8318BD9816370F4C003E2B01 /* GTLCalendarEvents.h */,
				8318BD9916370F4C003E2B01 /* GTLCalendarEvents.m */,
				8318BD9A16370F4C003E2B01 /* GTLCalendarFreeBusyCalendar.h */,
				8318BD9B16370F4C003E2B01 /* GTLCalendarFreeBusyCalendar.m */,
				8318BD9C16370F4C003E2B01 /* GTLCalendarFreeBusyGroup.h */,
				8318BD9D16370F4C003E2B01 /* GTLCalendarFreeBusyGroup.m */,
				8318BD9E16370F4C003E2B01 /* GTLCalendarFreeBusyRequestItem.h */,
				8318BD9F16370F4C003E2B01 /* GTLCalendarFreeBusyRequestItem.m */,
				8318BDA016370F4C003E2B01 /* GTLCalendarFreeBusyResponse.h */,
				8318BDA116370F4C003E2B01 /* GTLCalendarFreeBusyResponse.m */,
				8318BDA216370F4C003E2B01 /* GTLCalendarSetting.h */,
				8318BDA316370F4C003E2B01 /* GTLCalendarSetting.m */,
				8318BDA416370F4C003E2B01 /* GTLCalendarSettings.h */,
				8318BDA516370F4C003E2B01 /* GTLCalendarSettings.m */,
				8318BDA616370F4C003E2B01 /* GTLCalendarTimePeriod.h */,
				8318BDA716370F4C003E2B01 /* GTLCalendarTimePeriod.m */,
				8318BDA816370F4C003E2B01 /* GTLQueryCalendar.h */,
				8318BDA916370F4C003E2B01 /* GTLQueryCalendar.m */,
				8318BDAA16370F4C003E2B01 /* GTLServiceCalendar.h */,
				8318BDAB16370F4C003E2B01 /* GTLServiceCalendar.m */,
			);
			path = Generated;
			sourceTree = "<group>";
		};
		8318BE14163718A1003E2B01 /* Common */ = {
			isa = PBXGroup;
			children = (
				8318BE6316379591003E2B01 /* Resources */,
				8318BE15163718C3003E2B01 /* Headers */,
			);
			name = Common;
			sourceTree = "<group>";
		};
		8318BE15163718C3003E2B01 /* Headers */ = {
			isa = PBXGroup;
			children = (
				8318BE16163718C3003E2B01 /* GTLBase64.h */,
				8318BE17163718C3003E2B01 /* GTLBatchQuery.h */,
				8318BE18163718C3003E2B01 /* GTLBatchResult.h */,
				8318BE19163718C3003E2B01 /* GTLDateTime.h */,
				8318BE1A163718C3003E2B01 /* GTLDefines.h */,
				8318BE1B163718C3003E2B01 /* GTLErrorObject.h */,
				8318BE1C163718C3003E2B01 /* GTLFramework.h */,
				8318BE1D163718C3003E2B01 /* GTLJSONParser.h */,
				8318BE1E163718C3003E2B01 /* GTLObject.h */,
				8318BE1F163718C3003E2B01 /* GTLQuery.h */,
				8318BE20163718C3003E2B01 /* GTLRuntimeCommon.h */,
				8318BE21163718C3003E2B01 /* GTLService.h */,
				8318BE22163718C3003E2B01 /* GTLTargetNamespace.h */,
				8318BE23163718C3003E2B01 /* GTLUploadParameters.h */,
				8318BE24163718C3003E2B01 /* GTLUtilities.h */,
				8318BE25163718C3003E2B01 /* GTMGatherInputStream.h */,
				8318BE26163718C3003E2B01 /* GTMHTTPFetcher.h */,
				8318BE27163718C3003E2B01 /* GTMHTTPFetcherLogging.h */,
				8318BE28163718C3003E2B01 /* GTMHTTPFetcherService.h */,
				8318BE29163718C3003E2B01 /* GTMHTTPFetchHistory.h */,
				8318BE2A163718C3003E2B01 /* GTMHTTPUploadFetcher.h */,
				8318BE2B163718C3003E2B01 /* GTMMIMEDocument.h */,
				8318BE2C163718C3003E2B01 /* GTMOAuth2Authentication.h */,
				8318BE2D163718C3003E2B01 /* GTMOAuth2SignIn.h */,
				8318BE2E163718C3003E2B01 /* GTMOAuth2ViewControllerTouch.h */,
				8318BE2F163718C3003E2B01 /* GTMOAuth2WindowController.h */,
				8318BE30163718C3003E2B01 /* GTMReadMonitorInputStream.h */,
			);
			path = Headers;
			sourceTree = "<group>";
		};
		8318BE6316379591003E2B01 /* Resources */ = {
			isa = PBXGroup;
			children = (
				8318BE6616379E00003E2B01 /* GTMOAuth2ViewTouch.xib */,
			);
			name = Resources;
			sourceTree = "<group>";
		};
		833FCAA7167E1AE5009CC996 /* ZBarSDK */ = {
			isa = PBXGroup;
			children = (
				839FE19B169DE24100DA8146 /* libzbar.a */,
				833FCAA8167E1AE5009CC996 /* Headers */,
				833FCAC0167E1AE5009CC996 /* Resources */,
			);
			path = ZBarSDK;
			sourceTree = "<group>";
		};
		833FCAA8167E1AE5009CC996 /* Headers */ = {
			isa = PBXGroup;
			children = (
				833FCAA9167E1AE5009CC996 /* ZBarSDK */,
			);
			path = Headers;
			sourceTree = "<group>";
		};
		833FCAA9167E1AE5009CC996 /* ZBarSDK */ = {
			isa = PBXGroup;
			children = (
				833FCAAA167E1AE5009CC996 /* zbar */,
				833FCAB4167E1AE5009CC996 /* zbar.h */,
				833FCAB5167E1AE5009CC996 /* ZBarCameraSimulator.h */,
				833FCAB6167E1AE5009CC996 /* ZBarCaptureReader.h */,
				833FCAB7167E1AE5009CC996 /* ZBarHelpController.h */,
				833FCAB8167E1AE5009CC996 /* ZBarImage.h */,
				833FCAB9167E1AE5009CC996 /* ZBarImageScanner.h */,
				833FCABA167E1AE5009CC996 /* ZBarReaderController.h */,
				833FCABB167E1AE5009CC996 /* ZBarReaderView.h */,
				833FCABC167E1AE5009CC996 /* ZBarReaderViewController.h */,
				833FCABD167E1AE5009CC996 /* ZBarSDK.h */,
				833FCABE167E1AE5009CC996 /* ZBarSymbol.h */,
			);
			path = ZBarSDK;
			sourceTree = "<group>";
		};
		833FCAAA167E1AE5009CC996 /* zbar */ = {
			isa = PBXGroup;
			children = (
				833FCAAB167E1AE5009CC996 /* Decoder.h */,
				833FCAAC167E1AE5009CC996 /* Exception.h */,
				833FCAAD167E1AE5009CC996 /* Image.h */,
				833FCAAE167E1AE5009CC996 /* ImageScanner.h */,
				833FCAAF167E1AE5009CC996 /* Processor.h */,
				833FCAB0167E1AE5009CC996 /* Scanner.h */,
				833FCAB1167E1AE5009CC996 /* Symbol.h */,
				833FCAB2167E1AE5009CC996 /* Video.h */,
				833FCAB3167E1AE5009CC996 /* Window.h */,
			);
			path = zbar;
			sourceTree = "<group>";
		};
		833FCAC0167E1AE5009CC996 /* Resources */ = {
			isa = PBXGroup;
			children = (
				833FCAC1167E1AE5009CC996 /* zbar-back.png */,
				833FCAC2167E1AE5009CC996 /* zbar-help.html */,
				833FCAC3167E1AE5009CC996 /* zbar-helpicons.png */,
				833FCAC4167E1AE5009CC996 /* zbar-samples.png */,
			);
			path = Resources;
			sourceTree = "<group>";
		};
		83A9949D16441AAA009CD997 /* Images */ = {
			isa = PBXGroup;
			children = (
				A7B269C11696A67100D58074 /* delete button.png */,
				AF63A8C51695AA92004A14CF /* DarkGreyButton.jpg */,
				209DE3DB168AF5B500AD97ED /* images.jpg */,
				F9AA4BA81695B60A0048C9B9 /* imeeticon2x.png */,
				F9AA4BA51695B6030048C9B9 /* imeeticon.png */,
				83A9949E16441AE2009CD997 /* profile selected.png */,
				83A9949F16441AE2009CD997 /* profile.png */,
				83A994A016441AE2009CD997 /* rooms unselected.png */,
				209DE3DD168AF76A00AD97ED /* index.jpg */,
				209DE3D9168AF24400AD97ED /* tick-cross.png */,
				83A994A116441AE2009CD997 /* rooms.png */,
				83A994A416441AE2009CD997 /* settings selected.png */,
				83A994A516441AE2009CD997 /* settings.png */,
				83AC4DBC16281DE5000C60C9 /* Default.png */,
				83AC4DBE16281DE5000C60C9 /* Default@2x.png */,
				83AC4DC016281DE5000C60C9 /* Default-568h@2x.png */,
			);
			name = Images;
			sourceTree = "<group>";
		};
		83AC4D9B16281DE5000C60C9 = {
			isa = PBXGroup;
			children = (
				E896DF0B1639732F00A596A4 /* Settings.bundle */,
				83AC4DB016281DE5000C60C9 /* i-meeting */,
				83AC4DA916281DE5000C60C9 /* Frameworks */,
				83AC4DA716281DE5000C60C9 /* Products */,
			);
			sourceTree = "<group>";
		};
		83AC4DA716281DE5000C60C9 /* Products */ = {
			isa = PBXGroup;
			children = (
				83AC4DA616281DE5000C60C9 /* i-meeting.app */,
				83AC4E1116281F24000C60C9 /* i-meeting-tests.app */,
			);
			name = Products;
			sourceTree = "<group>";
		};
		83AC4DA916281DE5000C60C9 /* Frameworks */ = {
			isa = PBXGroup;
			children = (
				839FE19D169DE5F100DA8146 /* libGTLTouchStaticLib.a */,
				833FCAA7167E1AE5009CC996 /* ZBarSDK */,
				8318BDE316371610003E2B01 /* SystemConfiguration.framework */,
				8318BDE1163715C6003E2B01 /* Security.framework */,
				8318BD5D16370EB5003E2B01 /* GTL */,
				83AC4E2B16281F42000C60C9 /* GHUnitIOS.framework */,
				83AC4E0B16281EF8000C60C9 /* libiconv.dylib */,
				83AC4E0916281EEF000C60C9 /* CoreVideo.framework */,
				83AC4E0716281EE2000C60C9 /* QuartzCore.framework */,
				83AC4E0516281ED9000C60C9 /* AudioToolbox.framework */,
				83AC4E0316281EC9000C60C9 /* CoreMedia.framework */,
				83AC4E0116281EC3000C60C9 /* AVFoundation.framework */,
				83AC4DAA16281DE5000C60C9 /* UIKit.framework */,
				83AC4DAC16281DE5000C60C9 /* Foundation.framework */,
				83AC4DAE16281DE5000C60C9 /* CoreGraphics.framework */,
			);
			name = Frameworks;
			sourceTree = "<group>";
		};
		83AC4DB016281DE5000C60C9 /* i-meeting */ = {
			isa = PBXGroup;
			children = (
				8361797016BA6F1800DEB869 /* GTLCalendarManager.h */,
				8361797116BA6F1800DEB869 /* GTLCalendarManager.m */,
				833D6D28167E0D7400BB44FB /* i-meeting.entitlements */,
				9B11225C162DA88900723640 /* AddNewEventViewController.h */,
				9B11225D162DA88900723640 /* AddNewEventViewController.m */,
				83AC4DB916281DE5000C60C9 /* AppDelegate.h */,
				83AC4DBA16281DE5000C60C9 /* AppDelegate.m */,
				83E337A11640371A00BD3E90 /* CalendarCell.h */,
				83E337A21640371B00BD3E90 /* CalendarCell.m */,
				8318BE6B1637C979003E2B01 /* CalendarViewController.h */,
				8318BE6C1637C979003E2B01 /* CalendarViewController.m */,
				8318BE681637AAA4003E2B01 /* DateTimeUtility.h */,
				8318BE691637AAA4003E2B01 /* DateTimeUtility.m */,
				83AC4DDB16281E6E000C60C9 /* MainStoryboard.storyboard */,
				83AC4DD316281E3D000C60C9 /* QRCodeManager.h */,
				83A9949B164419F9009CD997 /* QRCodeManager.m */,
				209DE3D0168AD46000AD97ED /* DetailedViewController.h */,
				209DE3D1168AD46000AD97ED /* DetailedViewController.m */,
				83AC4DD516281E3D000C60C9 /* RootViewController.h */,
				83AC4DD616281E3D000C60C9 /* RootViewController.m */,
				83A7365B166A724C00DC5D61 /* SignInHandler.h */,
				83A73659166A6DAB00DC5D61 /* SignInHandler.m */,
				830B4C9C1681C433001C743E /* SignInViewController.h */,
				830B4C9D1681C433001C743E /* SignInViewController.m */,
				83AC4DB116281DE5000C60C9 /* Supporting Files */,
				83AC4E1616281F24000C60C9 /* i-meeting-tests */,
				371A311A16C38B78001BFCF2 /* CalendarEvent.h */,
				371A311B16C38B78001BFCF2 /* CalendarEvent.m */,
			);
			path = "i-meeting";
			sourceTree = "<group>";
		};
		83AC4DB116281DE5000C60C9 /* Supporting Files */ = {
			isa = PBXGroup;
			children = (
				83A9949D16441AAA009CD997 /* Images */,
				83AC4DB216281DE5000C60C9 /* i-meeting-Info.plist */,
				83AC4DB316281DE5000C60C9 /* InfoPlist.strings */,
				83AC4DB616281DE5000C60C9 /* main.m */,
				83AC4DB816281DE5000C60C9 /* i-meeting-Prefix.pch */,
			);
			name = "Supporting Files";
			sourceTree = "<group>";
		};
		83AC4E1616281F24000C60C9 /* i-meeting-tests */ = {
			isa = PBXGroup;
			children = (
				83AC4E2D16282032000C60C9 /* QRCodeManagerTest.h */,
				83AC4E2E16282032000C60C9 /* QRCodeManagerTest.m */,
				83AC4E1716281F24000C60C9 /* Supporting Files */,
			);
			path = "i-meeting-tests";
			sourceTree = SOURCE_ROOT;
		};
		83AC4E1716281F24000C60C9 /* Supporting Files */ = {
			isa = PBXGroup;
			children = (
				83AC4E1816281F24000C60C9 /* i-meeting-tests-Info.plist */,
				83AC4E1916281F24000C60C9 /* InfoPlist.strings */,
				83AC4E1C16281F24000C60C9 /* main.m */,
				83AC4E1E16281F24000C60C9 /* i-meeting-tests-Prefix.pch */,
				83AC4E2216281F24000C60C9 /* Default.png */,
				83AC4E2416281F24000C60C9 /* Default@2x.png */,
				83AC4E2616281F24000C60C9 /* Default-568h@2x.png */,
			);
			name = "Supporting Files";
			sourceTree = "<group>";
		};
/* End PBXGroup section */

/* Begin PBXNativeTarget section */
		83AC4DA516281DE5000C60C9 /* i-meeting */ = {
			isa = PBXNativeTarget;
			buildConfigurationList = 83AC4DCA16281DE5000C60C9 /* Build configuration list for PBXNativeTarget "i-meeting" */;
			buildPhases = (
				83AC4DA216281DE5000C60C9 /* Sources */,
				83AC4DA316281DE5000C60C9 /* Frameworks */,
				83AC4DA416281DE5000C60C9 /* Resources */,
			);
			buildRules = (
			);
			dependencies = (
			);
			name = "i-meeting";
			productName = "i-meeting";
			productReference = 83AC4DA616281DE5000C60C9 /* i-meeting.app */;
			productType = "com.apple.product-type.application";
		};
		83AC4E1016281F24000C60C9 /* i-meeting-tests */ = {
			isa = PBXNativeTarget;
			buildConfigurationList = 83AC4E2816281F24000C60C9 /* Build configuration list for PBXNativeTarget "i-meeting-tests" */;
			buildPhases = (
				83AC4E0D16281F24000C60C9 /* Sources */,
				83AC4E0E16281F24000C60C9 /* Frameworks */,
				83AC4E0F16281F24000C60C9 /* Resources */,
				83AC4E401628301A000C60C9 /* ShellScript */,
			);
			buildRules = (
			);
			dependencies = (
			);
			name = "i-meeting-tests";
			productName = "i-meeting-tests";
			productReference = 83AC4E1116281F24000C60C9 /* i-meeting-tests.app */;
			productType = "com.apple.product-type.application";
		};
/* End PBXNativeTarget section */

/* Begin PBXProject section */
		83AC4D9D16281DE5000C60C9 /* Project object */ = {
			isa = PBXProject;
			attributes = {
				LastUpgradeCheck = 0450;
				ORGANIZATIONNAME = "ThoughtWorks Technologies (India) Pvt. Ltd.";
			};
			buildConfigurationList = 83AC4DA016281DE5000C60C9 /* Build configuration list for PBXProject "i-meeting" */;
			compatibilityVersion = "Xcode 3.2";
			developmentRegion = English;
			hasScannedForEncodings = 0;
			knownRegions = (
				en,
			);
			mainGroup = 83AC4D9B16281DE5000C60C9;
			productRefGroup = 83AC4DA716281DE5000C60C9 /* Products */;
			projectDirPath = "";
			projectRoot = "";
			targets = (
				83AC4DA516281DE5000C60C9 /* i-meeting */,
				83AC4E1016281F24000C60C9 /* i-meeting-tests */,
			);
		};
/* End PBXProject section */

/* Begin PBXResourcesBuildPhase section */
		83AC4DA416281DE5000C60C9 /* Resources */ = {
			isa = PBXResourcesBuildPhase;
			buildActionMask = 2147483647;
			files = (
				83AC4DB516281DE5000C60C9 /* InfoPlist.strings in Resources */,
				83AC4DBD16281DE5000C60C9 /* Default.png in Resources */,
				83AC4DBF16281DE5000C60C9 /* Default@2x.png in Resources */,
				83AC4DC116281DE5000C60C9 /* Default-568h@2x.png in Resources */,
				83AC4DDD16281E6E000C60C9 /* MainStoryboard.storyboard in Resources */,
				8318BE6716379E00003E2B01 /* GTMOAuth2ViewTouch.xib in Resources */,
				E896DF0C1639732F00A596A4 /* Settings.bundle in Resources */,
				83A994A616441AE2009CD997 /* profile selected.png in Resources */,
				83A994A716441AE2009CD997 /* profile.png in Resources */,
				83A994A816441AE2009CD997 /* rooms unselected.png in Resources */,
				83A994A916441AE2009CD997 /* rooms.png in Resources */,
				83A994AC16441AE2009CD997 /* settings selected.png in Resources */,
				83A994AD16441AE2009CD997 /* settings.png in Resources */,
				833FCAC6167E1AE5009CC996 /* zbar-back.png in Resources */,
				833FCAC7167E1AE5009CC996 /* zbar-help.html in Resources */,
				833FCAC8167E1AE5009CC996 /* zbar-helpicons.png in Resources */,
				833FCAC9167E1AE5009CC996 /* zbar-samples.png in Resources */,
				209DE3DA168AF24400AD97ED /* tick-cross.png in Resources */,
				209DE3DC168AF5B500AD97ED /* images.jpg in Resources */,
				209DE3DE168AF76A00AD97ED /* index.jpg in Resources */,
				AF63A8C61695AA92004A14CF /* DarkGreyButton.jpg in Resources */,
				F9AA4BA61695B6030048C9B9 /* imeeticon.png in Resources */,
				F9AA4BA91695B60A0048C9B9 /* imeeticon2x.png in Resources */,
				A7B269C21696A67100D58074 /* delete button.png in Resources */,
			);
			runOnlyForDeploymentPostprocessing = 0;
		};
		83AC4E0F16281F24000C60C9 /* Resources */ = {
			isa = PBXResourcesBuildPhase;
			buildActionMask = 2147483647;
			files = (
				83AC4E1B16281F24000C60C9 /* InfoPlist.strings in Resources */,
				83AC4E2316281F24000C60C9 /* Default.png in Resources */,
				83AC4E2516281F24000C60C9 /* Default@2x.png in Resources */,
				83AC4E2716281F24000C60C9 /* Default-568h@2x.png in Resources */,
			);
			runOnlyForDeploymentPostprocessing = 0;
		};
/* End PBXResourcesBuildPhase section */

/* Begin PBXShellScriptBuildPhase section */
		83AC4E401628301A000C60C9 /* ShellScript */ = {
			isa = PBXShellScriptBuildPhase;
			buildActionMask = 2147483647;
			files = (
			);
			inputPaths = (
			);
			outputPaths = (
			);
			runOnlyForDeploymentPostprocessing = 0;
			shellPath = /bin/sh;
			shellScript = "if [ \"$RUN_UNIT_TEST_WITH_IOS_SIM\" = \"YES\" ]; then\n exit 0\nelse\n sh RunTests.sh\nfi";
		};
/* End PBXShellScriptBuildPhase section */

/* Begin PBXSourcesBuildPhase section */
		83AC4DA216281DE5000C60C9 /* Sources */ = {
			isa = PBXSourcesBuildPhase;
			buildActionMask = 2147483647;
			files = (
				8318BE4116371CD2003E2B01 /* GTLCalendarAcl.m in Sources */,
				8318BE4216371CD2003E2B01 /* GTLCalendarAclRule.m in Sources */,
				8318BE4316371CD2003E2B01 /* GTLCalendarCalendar.m in Sources */,
				8318BE4416371CD2003E2B01 /* GTLCalendarCalendarList.m in Sources */,
				8318BE4516371CD2003E2B01 /* GTLCalendarCalendarListEntry.m in Sources */,
				8318BE4616371CD2003E2B01 /* GTLCalendarColorDefinition.m in Sources */,
				8318BE4716371CD2003E2B01 /* GTLCalendarColors.m in Sources */,
				8318BE4816371CD2003E2B01 /* GTLCalendarConstants.m in Sources */,
				8318BE4916371CD2003E2B01 /* GTLCalendarError.m in Sources */,
				8318BE4A16371CD2003E2B01 /* GTLCalendarEvent.m in Sources */,
				8318BE4B16371CD2003E2B01 /* GTLCalendarEventAttendee.m in Sources */,
				8318BE4C16371CD2003E2B01 /* GTLCalendarEventDateTime.m in Sources */,
				8318BE4D16371CD2003E2B01 /* GTLCalendarEventReminder.m in Sources */,
				8318BE4E16371CD2003E2B01 /* GTLCalendarEvents.m in Sources */,
				8318BE4F16371CD2003E2B01 /* GTLCalendarFreeBusyCalendar.m in Sources */,
				8318BE5016371CD2003E2B01 /* GTLCalendarFreeBusyGroup.m in Sources */,
				8318BE5116371CD2003E2B01 /* GTLCalendarFreeBusyRequestItem.m in Sources */,
				8318BE5216371CD2003E2B01 /* GTLCalendarFreeBusyResponse.m in Sources */,
				8318BE5316371CD2003E2B01 /* GTLCalendarSetting.m in Sources */,
				8318BE5416371CD2003E2B01 /* GTLCalendarSettings.m in Sources */,
				8318BE5516371CD2003E2B01 /* GTLCalendarTimePeriod.m in Sources */,
				8318BE5616371CD2003E2B01 /* GTLQueryCalendar.m in Sources */,
				8318BE5716371CD2003E2B01 /* GTLServiceCalendar.m in Sources */,
				83AC4DB716281DE5000C60C9 /* main.m in Sources */,
				83AC4DBB16281DE5000C60C9 /* AppDelegate.m in Sources */,
				83AC4DDA16281E3D000C60C9 /* RootViewController.m in Sources */,
				9B11225E162DA88900723640 /* AddNewEventViewController.m in Sources */,
				8318BE6A1637AAA4003E2B01 /* DateTimeUtility.m in Sources */,
				8318BE6D1637C979003E2B01 /* CalendarViewController.m in Sources */,
				83E337A31640371B00BD3E90 /* CalendarCell.m in Sources */,
				83A9949C164419F9009CD997 /* QRCodeManager.m in Sources */,
				83A7365A166A6DAB00DC5D61 /* SignInHandler.m in Sources */,
				830B4C9E1681C433001C743E /* SignInViewController.m in Sources */,
				209DE3D2168AD46000AD97ED /* DetailedViewController.m in Sources */,
				371A311C16C38B78001BFCF2 /* CalendarEvent.m in Sources */,
				8361797216BA6F1800DEB869 /* GTLCalendarManager.m in Sources */,

			);
			runOnlyForDeploymentPostprocessing = 0;
		};
		83AC4E0D16281F24000C60C9 /* Sources */ = {
			isa = PBXSourcesBuildPhase;
			buildActionMask = 2147483647;
			files = (
				836F9FC516493486009E61AD /* QRCodeManager.m in Sources */,
				83AC4E1D16281F24000C60C9 /* main.m in Sources */,
				83AC4E2F16282032000C60C9 /* QRCodeManagerTest.m in Sources */,
			);
			runOnlyForDeploymentPostprocessing = 0;
		};
/* End PBXSourcesBuildPhase section */

/* Begin PBXVariantGroup section */
		83AC4DB316281DE5000C60C9 /* InfoPlist.strings */ = {
			isa = PBXVariantGroup;
			children = (
				83AC4DB416281DE5000C60C9 /* en */,
			);
			name = InfoPlist.strings;
			sourceTree = "<group>";
		};
		83AC4DDB16281E6E000C60C9 /* MainStoryboard.storyboard */ = {
			isa = PBXVariantGroup;
			children = (
				83AC4DDC16281E6E000C60C9 /* en */,
			);
			name = MainStoryboard.storyboard;
			sourceTree = "<group>";
		};
		83AC4E1916281F24000C60C9 /* InfoPlist.strings */ = {
			isa = PBXVariantGroup;
			children = (
				83AC4E1A16281F24000C60C9 /* en */,
			);
			name = InfoPlist.strings;
			sourceTree = "<group>";
		};
/* End PBXVariantGroup section */

/* Begin XCBuildConfiguration section */
		83AC4DC816281DE5000C60C9 /* Debug */ = {
			isa = XCBuildConfiguration;
			buildSettings = {
				ALWAYS_SEARCH_USER_PATHS = NO;
				CLANG_CXX_LANGUAGE_STANDARD = "gnu++0x";
				CLANG_CXX_LIBRARY = "libc++";
				CLANG_ENABLE_OBJC_ARC = YES;
				CLANG_WARN_EMPTY_BODY = YES;
				CLANG_WARN__DUPLICATE_METHOD_MATCH = YES;
				"CODE_SIGN_IDENTITY[sdk=iphoneos*]" = "iPhone Developer";
				COPY_PHASE_STRIP = NO;
				GCC_C_LANGUAGE_STANDARD = gnu99;
				GCC_DYNAMIC_NO_PIC = NO;
				GCC_OPTIMIZATION_LEVEL = 0;
				GCC_PREPROCESSOR_DEFINITIONS = (
					"DEBUG=1",
					"$(inherited)",
				);
				GCC_SYMBOLS_PRIVATE_EXTERN = NO;
				GCC_WARN_ABOUT_RETURN_TYPE = YES;
				GCC_WARN_UNINITIALIZED_AUTOS = YES;
				GCC_WARN_UNUSED_VARIABLE = YES;
				IPHONEOS_DEPLOYMENT_TARGET = 5.1;
				ONLY_ACTIVE_ARCH = YES;
				SDKROOT = iphoneos;
			};
			name = Debug;
		};
		83AC4DC916281DE5000C60C9 /* Release */ = {
			isa = XCBuildConfiguration;
			buildSettings = {
				ALWAYS_SEARCH_USER_PATHS = NO;
				CLANG_CXX_LANGUAGE_STANDARD = "gnu++0x";
				CLANG_CXX_LIBRARY = "libc++";
				CLANG_ENABLE_OBJC_ARC = YES;
				CLANG_WARN_EMPTY_BODY = YES;
				CLANG_WARN__DUPLICATE_METHOD_MATCH = YES;
				"CODE_SIGN_IDENTITY[sdk=iphoneos*]" = "iPhone Developer";
				COPY_PHASE_STRIP = YES;
				GCC_C_LANGUAGE_STANDARD = gnu99;
				GCC_WARN_ABOUT_RETURN_TYPE = YES;
				GCC_WARN_UNINITIALIZED_AUTOS = YES;
				GCC_WARN_UNUSED_VARIABLE = YES;
				IPHONEOS_DEPLOYMENT_TARGET = 5.1;
				OTHER_CFLAGS = "-DNS_BLOCK_ASSERTIONS=1";
				SDKROOT = iphoneos;
				VALIDATE_PRODUCT = YES;
			};
			name = Release;
		};
		83AC4DCB16281DE5000C60C9 /* Debug */ = {
			isa = XCBuildConfiguration;
			buildSettings = {
				CODE_SIGN_IDENTITY = "iPhone Developer";
				FRAMEWORK_SEARCH_PATHS = (
					"$(inherited)",
					"\"$(SRCROOT)\"",
				);
				GCC_PRECOMPILE_PREFIX_HEADER = YES;
				GCC_PREFIX_HEADER = "i-meeting/i-meeting-Prefix.pch";
				INFOPLIST_FILE = "i-meeting/i-meeting-Info.plist";
				IPHONEOS_DEPLOYMENT_TARGET = 6.0;
				LIBRARY_SEARCH_PATHS = (
					"$(inherited)",
					"\"$(SRCROOT)/ZBarSDK\"",
					"\"$(SRCROOT)\"",
					"$(FRANK_LIBRARY_SEARCH_PATHS)",
				);
				OTHER_LDFLAGS = (
					"$(inherited)",
					"-all_load",
					"-ObjC",
					"-fobjc-arc",
					"$(FRANK_LDFLAGS)",
				);
				"OTHER_LDFLAGS[sdk=iphoneos*]" = (
					"$(inherited)",
					"-all_load",
					"-ObjC",
					"-fobjc-arc",
					"$(FRANK_LDFLAGS)",
				);
				"OTHER_LDFLAGS[sdk=iphonesimulator*]" = (
					"$(inherited)",
					"-all_load",
					"-ObjC",
					"-fobjc-arc",
					"$(FRANK_LDFLAGS)",
				);
				PRODUCT_NAME = "$(TARGET_NAME)";
				PROVISIONING_PROFILE = "";
				VALID_ARCHS = "armv7 i386 armv7s";
				WRAPPER_EXTENSION = app;
			};
			name = Debug;
		};
		83AC4DCC16281DE5000C60C9 /* Release */ = {
			isa = XCBuildConfiguration;
			buildSettings = {
				CODE_SIGN_IDENTITY = "iPhone Distribution";
				"CODE_SIGN_IDENTITY[sdk=iphoneos*]" = "iPhone Distribution";
				FRAMEWORK_SEARCH_PATHS = (
					"$(inherited)",
					"\"$(SRCROOT)\"",
				);
				GCC_PRECOMPILE_PREFIX_HEADER = YES;
				GCC_PREFIX_HEADER = "i-meeting/i-meeting-Prefix.pch";
				INFOPLIST_FILE = "i-meeting/i-meeting-Info.plist";
				IPHONEOS_DEPLOYMENT_TARGET = 6.0;
				LIBRARY_SEARCH_PATHS = (
					"$(inherited)",
					"\"$(SRCROOT)/ZBarSDK\"",
					"\"$(SRCROOT)\"",
				);
				OTHER_LDFLAGS = (
					"-all_load",
					"-ObjC",
					"-fobjc-arc",
				);
				"OTHER_LDFLAGS[arch=*]" = (
					"-all_load",
					"-ObjC",
					"-fobjc-arc",
				);
				PRODUCT_NAME = "$(TARGET_NAME)";
				PROVISIONING_PROFILE = "";
				"PROVISIONING_PROFILE[sdk=iphoneos*]" = "";
				VALID_ARCHS = "armv7 i386 armv7s";
				WRAPPER_EXTENSION = app;
			};
			name = Release;
		};
		83AC4E2916281F24000C60C9 /* Debug */ = {
			isa = XCBuildConfiguration;
			buildSettings = {
				ARCHS = (
					"$(ARCHS_STANDARD_32_BIT)",
					i386,
					armv7,
				);
				"CODE_SIGN_IDENTITY[sdk=iphoneos*]" = "iPhone Developer";
				FRAMEWORK_SEARCH_PATHS = (
					"$(inherited)",
					"\"$(SRCROOT)\"",
				);
				GCC_PRECOMPILE_PREFIX_HEADER = YES;
				GCC_PREFIX_HEADER = "i-meeting-tests/i-meeting-tests-Prefix.pch";
				INFOPLIST_FILE = "i-meeting-tests/i-meeting-tests-Info.plist";
				IPHONEOS_DEPLOYMENT_TARGET = 6.0;
				LIBRARY_SEARCH_PATHS = (
					"$(inherited)",
					"\"$(SRCROOT)\"",
					"$(FRANK_LIBRARY_SEARCH_PATHS)",
				);
				OTHER_LDFLAGS = (
					"$(inherited)",
					"-all_load",
					"-ObjC",
					"$(FRANK_LDFLAGS)",
				);
				PRODUCT_NAME = "$(TARGET_NAME)";
				WRAPPER_EXTENSION = app;
			};
			name = Debug;
		};
		83AC4E2A16281F24000C60C9 /* Release */ = {
			isa = XCBuildConfiguration;
			buildSettings = {
				ARCHS = (
					"$(ARCHS_STANDARD_32_BIT)",
					i386,
					armv7,
				);
				"CODE_SIGN_IDENTITY[sdk=iphoneos*]" = "iPhone Developer";
				FRAMEWORK_SEARCH_PATHS = (
					"$(inherited)",
					"\"$(SRCROOT)\"",
				);
				GCC_PRECOMPILE_PREFIX_HEADER = YES;
				GCC_PREFIX_HEADER = "i-meeting-tests/i-meeting-tests-Prefix.pch";
				INFOPLIST_FILE = "i-meeting-tests/i-meeting-tests-Info.plist";
				IPHONEOS_DEPLOYMENT_TARGET = 6.0;
				LIBRARY_SEARCH_PATHS = (
					"$(inherited)",
					"\"$(SRCROOT)\"",
				);
				OTHER_LDFLAGS = (
					"-all_load",
					"-ObjC",
				);
				PRODUCT_NAME = "$(TARGET_NAME)";
				WRAPPER_EXTENSION = app;
			};
			name = Release;
		};
/* End XCBuildConfiguration section */

/* Begin XCConfigurationList section */
		83AC4DA016281DE5000C60C9 /* Build configuration list for PBXProject "i-meeting" */ = {
			isa = XCConfigurationList;
			buildConfigurations = (
				83AC4DC816281DE5000C60C9 /* Debug */,
				83AC4DC916281DE5000C60C9 /* Release */,
			);
			defaultConfigurationIsVisible = 0;
			defaultConfigurationName = Release;
		};
		83AC4DCA16281DE5000C60C9 /* Build configuration list for PBXNativeTarget "i-meeting" */ = {
			isa = XCConfigurationList;
			buildConfigurations = (
				83AC4DCB16281DE5000C60C9 /* Debug */,
				83AC4DCC16281DE5000C60C9 /* Release */,
			);
			defaultConfigurationIsVisible = 0;
			defaultConfigurationName = Release;
		};
		83AC4E2816281F24000C60C9 /* Build configuration list for PBXNativeTarget "i-meeting-tests" */ = {
			isa = XCConfigurationList;
			buildConfigurations = (
				83AC4E2916281F24000C60C9 /* Debug */,
				83AC4E2A16281F24000C60C9 /* Release */,
			);
			defaultConfigurationIsVisible = 0;
			defaultConfigurationName = Release;
		};
/* End XCConfigurationList section */
	};
	rootObject = 83AC4D9D16281DE5000C60C9 /* Project object */;
}
