// !$*UTF8*$!
{
	archiveVersion = 1;
	classes = {
	};
	objectVersion = 46;
	objects = {

/* Begin PBXBuildFile section */
		209DE3D2168AD46000AD97ED /* DetailedViewController.m in Sources */ = {isa = PBXBuildFile; fileRef = 209DE3D1168AD46000AD97ED /* DetailedViewController.m */; };
		209DE3DC168AF5B500AD97ED /* images.jpg in Resources */ = {isa = PBXBuildFile; fileRef = 209DE3DB168AF5B500AD97ED /* images.jpg */; };
		209DE3DE168AF76A00AD97ED /* index.jpg in Resources */ = {isa = PBXBuildFile; fileRef = 209DE3DD168AF76A00AD97ED /* index.jpg */; };
		371A311C16C38B78001BFCF2 /* CalendarEvent.m in Sources */ = {isa = PBXBuildFile; fileRef = 371A311B16C38B78001BFCF2 /* CalendarEvent.m */; };
		57CDA66F184F99BC00533EA8 /* libEstimoteSDK7.a in Frameworks */ = {isa = PBXBuildFile; fileRef = 57CDA66E184F99BC00533EA8 /* libEstimoteSDK7.a */; };
		57CDA670184F99BC00533EA8 /* libEstimoteSDK7.a in Frameworks */ = {isa = PBXBuildFile; fileRef = 57CDA66E184F99BC00533EA8 /* libEstimoteSDK7.a */; };
		5E75D506BA1BD793025DAAB5 /* Room.m in Sources */ = {isa = PBXBuildFile; fileRef = 5E75D09C25AA07CD26D2AE97 /* Room.m */; };
		5E75D8E6C9F281B0A641966C /* Room.m in Sources */ = {isa = PBXBuildFile; fileRef = 5E75D09C25AA07CD26D2AE97 /* Room.m */; };
		5E75D936BB606582E25E8F5D /* Rooms.m in Sources */ = {isa = PBXBuildFile; fileRef = 5E75DF8D0237CED970FF4060 /* Rooms.m */; };
		5E75DE9C761FDAC1605E91B0 /* Rooms.m in Sources */ = {isa = PBXBuildFile; fileRef = 5E75DF8D0237CED970FF4060 /* Rooms.m */; };
		830B4C9E1681C433001C743E /* SignInViewController.m in Sources */ = {isa = PBXBuildFile; fileRef = 830B4C9D1681C433001C743E /* SignInViewController.m */; };
		8318BDE2163715C6003E2B01 /* Security.framework in Frameworks */ = {isa = PBXBuildFile; fileRef = 8318BDE1163715C6003E2B01 /* Security.framework */; };
		8318BDE416371610003E2B01 /* SystemConfiguration.framework in Frameworks */ = {isa = PBXBuildFile; fileRef = 8318BDE316371610003E2B01 /* SystemConfiguration.framework */; };
		8318BE6A1637AAA4003E2B01 /* DateTimeUtility.m in Sources */ = {isa = PBXBuildFile; fileRef = 8318BE691637AAA4003E2B01 /* DateTimeUtility.m */; };
		8318BE6D1637C979003E2B01 /* CalendarViewController.m in Sources */ = {isa = PBXBuildFile; fileRef = 8318BE6C1637C979003E2B01 /* CalendarViewController.m */; };
		8361797216BA6F1800DEB869 /* GTLCalendarManager.m in Sources */ = {isa = PBXBuildFile; fileRef = 8361797116BA6F1800DEB869 /* GTLCalendarManager.m */; };
		836F9FC516493486009E61AD /* QRCodeManager.m in Sources */ = {isa = PBXBuildFile; fileRef = 83A9949B164419F9009CD997 /* QRCodeManager.m */; };
		83A7365A166A6DAB00DC5D61 /* SignInHandler.m in Sources */ = {isa = PBXBuildFile; fileRef = 83A73659166A6DAB00DC5D61 /* SignInHandler.m */; };
		83A9949C164419F9009CD997 /* QRCodeManager.m in Sources */ = {isa = PBXBuildFile; fileRef = 83A9949B164419F9009CD997 /* QRCodeManager.m */; };
		83A994A616441AE2009CD997 /* profile selected.png in Resources */ = {isa = PBXBuildFile; fileRef = 83A9949E16441AE2009CD997 /* profile selected.png */; };
		83A994A716441AE2009CD997 /* profile.png in Resources */ = {isa = PBXBuildFile; fileRef = 83A9949F16441AE2009CD997 /* profile.png */; };
		83A994A816441AE2009CD997 /* rooms unselected.png in Resources */ = {isa = PBXBuildFile; fileRef = 83A994A016441AE2009CD997 /* rooms unselected.png */; };
		83A994A916441AE2009CD997 /* rooms.png in Resources */ = {isa = PBXBuildFile; fileRef = 83A994A116441AE2009CD997 /* rooms.png */; };
		83A994AC16441AE2009CD997 /* settings selected.png in Resources */ = {isa = PBXBuildFile; fileRef = 83A994A416441AE2009CD997 /* settings selected.png */; };
		83A994AD16441AE2009CD997 /* settings.png in Resources */ = {isa = PBXBuildFile; fileRef = 83A994A516441AE2009CD997 /* settings.png */; };
		83AC4DAB16281DE5000C60C9 /* UIKit.framework in Frameworks */ = {isa = PBXBuildFile; fileRef = 83AC4DAA16281DE5000C60C9 /* UIKit.framework */; };
		83AC4DAD16281DE5000C60C9 /* Foundation.framework in Frameworks */ = {isa = PBXBuildFile; fileRef = 83AC4DAC16281DE5000C60C9 /* Foundation.framework */; };
		83AC4DAF16281DE5000C60C9 /* CoreGraphics.framework in Frameworks */ = {isa = PBXBuildFile; fileRef = 83AC4DAE16281DE5000C60C9 /* CoreGraphics.framework */; };
		83AC4DB516281DE5000C60C9 /* InfoPlist.strings in Resources */ = {isa = PBXBuildFile; fileRef = 83AC4DB316281DE5000C60C9 /* InfoPlist.strings */; };
		83AC4DB716281DE5000C60C9 /* main.m in Sources */ = {isa = PBXBuildFile; fileRef = 83AC4DB616281DE5000C60C9 /* main.m */; };
		83AC4DBB16281DE5000C60C9 /* AppDelegate.m in Sources */ = {isa = PBXBuildFile; fileRef = 83AC4DBA16281DE5000C60C9 /* AppDelegate.m */; };
		83AC4DBD16281DE5000C60C9 /* Default.png in Resources */ = {isa = PBXBuildFile; fileRef = 83AC4DBC16281DE5000C60C9 /* Default.png */; };
		83AC4DBF16281DE5000C60C9 /* Default@2x.png in Resources */ = {isa = PBXBuildFile; fileRef = 83AC4DBE16281DE5000C60C9 /* Default@2x.png */; };
		83AC4DC116281DE5000C60C9 /* Default-568h@2x.png in Resources */ = {isa = PBXBuildFile; fileRef = 83AC4DC016281DE5000C60C9 /* Default-568h@2x.png */; };
		83AC4DDA16281E3D000C60C9 /* RootViewController.m in Sources */ = {isa = PBXBuildFile; fileRef = 83AC4DD616281E3D000C60C9 /* RootViewController.m */; };
		83AC4DDD16281E6E000C60C9 /* MainStoryboard.storyboard in Resources */ = {isa = PBXBuildFile; fileRef = 83AC4DDB16281E6E000C60C9 /* MainStoryboard.storyboard */; };
		83AC4E0216281EC3000C60C9 /* AVFoundation.framework in Frameworks */ = {isa = PBXBuildFile; fileRef = 83AC4E0116281EC3000C60C9 /* AVFoundation.framework */; settings = {ATTRIBUTES = (Weak, ); }; };
		83AC4E0416281EC9000C60C9 /* CoreMedia.framework in Frameworks */ = {isa = PBXBuildFile; fileRef = 83AC4E0316281EC9000C60C9 /* CoreMedia.framework */; settings = {ATTRIBUTES = (Weak, ); }; };
		83AC4E0616281ED9000C60C9 /* AudioToolbox.framework in Frameworks */ = {isa = PBXBuildFile; fileRef = 83AC4E0516281ED9000C60C9 /* AudioToolbox.framework */; settings = {ATTRIBUTES = (Weak, ); }; };
		83AC4E0816281EE2000C60C9 /* QuartzCore.framework in Frameworks */ = {isa = PBXBuildFile; fileRef = 83AC4E0716281EE2000C60C9 /* QuartzCore.framework */; settings = {ATTRIBUTES = (Weak, ); }; };
		83AC4E0A16281EEF000C60C9 /* CoreVideo.framework in Frameworks */ = {isa = PBXBuildFile; fileRef = 83AC4E0916281EEF000C60C9 /* CoreVideo.framework */; settings = {ATTRIBUTES = (Weak, ); }; };
		83AC4E0C16281EF8000C60C9 /* libiconv.dylib in Frameworks */ = {isa = PBXBuildFile; fileRef = 83AC4E0B16281EF8000C60C9 /* libiconv.dylib */; settings = {ATTRIBUTES = (Required, ); }; };
		83AC4E1316281F24000C60C9 /* UIKit.framework in Frameworks */ = {isa = PBXBuildFile; fileRef = 83AC4DAA16281DE5000C60C9 /* UIKit.framework */; };
		83AC4E1416281F24000C60C9 /* Foundation.framework in Frameworks */ = {isa = PBXBuildFile; fileRef = 83AC4DAC16281DE5000C60C9 /* Foundation.framework */; };
		83AC4E1516281F24000C60C9 /* CoreGraphics.framework in Frameworks */ = {isa = PBXBuildFile; fileRef = 83AC4DAE16281DE5000C60C9 /* CoreGraphics.framework */; };
		83AC4E1B16281F24000C60C9 /* InfoPlist.strings in Resources */ = {isa = PBXBuildFile; fileRef = 83AC4E1916281F24000C60C9 /* InfoPlist.strings */; };
		83AC4E1D16281F24000C60C9 /* main.m in Sources */ = {isa = PBXBuildFile; fileRef = 83AC4E1C16281F24000C60C9 /* main.m */; };
		83AC4E2316281F24000C60C9 /* Default.png in Resources */ = {isa = PBXBuildFile; fileRef = 83AC4E2216281F24000C60C9 /* Default.png */; };
		83AC4E2516281F24000C60C9 /* Default@2x.png in Resources */ = {isa = PBXBuildFile; fileRef = 83AC4E2416281F24000C60C9 /* Default@2x.png */; };
		83AC4E2716281F24000C60C9 /* Default-568h@2x.png in Resources */ = {isa = PBXBuildFile; fileRef = 83AC4E2616281F24000C60C9 /* Default-568h@2x.png */; };
		83AC4E2C16281F42000C60C9 /* GHUnitIOS.framework in Frameworks */ = {isa = PBXBuildFile; fileRef = 83AC4E2B16281F42000C60C9 /* GHUnitIOS.framework */; };
		83AC4E2F16282032000C60C9 /* QRCodeManagerTest.m in Sources */ = {isa = PBXBuildFile; fileRef = 83AC4E2E16282032000C60C9 /* QRCodeManagerTest.m */; };
		83E337A31640371B00BD3E90 /* CalendarCell.m in Sources */ = {isa = PBXBuildFile; fileRef = 83E337A21640371B00BD3E90 /* CalendarCell.m */; };
		9B11225E162DA88900723640 /* AddNewEventViewController.m in Sources */ = {isa = PBXBuildFile; fileRef = 9B11225D162DA88900723640 /* AddNewEventViewController.m */; };
		A7B269C21696A67100D58074 /* delete button.png in Resources */ = {isa = PBXBuildFile; fileRef = A7B269C11696A67100D58074 /* delete button.png */; };
		A7F435E9F0354DAF982961E0 /* libPods.a in Frameworks */ = {isa = PBXBuildFile; fileRef = A79F9A93165F4982877AD5F2 /* libPods.a */; };
		AF35B51516F87A0A00ABCF09 /* AvailableRoomsViewController.m in Sources */ = {isa = PBXBuildFile; fileRef = AF06117216EE0CDA00ADF961 /* AvailableRoomsViewController.m */; };
		AF63A8C61695AA92004A14CF /* DarkGreyButton.jpg in Resources */ = {isa = PBXBuildFile; fileRef = AF63A8C51695AA92004A14CF /* DarkGreyButton.jpg */; };
		AF6E219116EF458C005210BA /* rooms.json in Resources */ = {isa = PBXBuildFile; fileRef = AF6E219016EF458C005210BA /* rooms.json */; };
		E896DF0C1639732F00A596A4 /* Settings.bundle in Resources */ = {isa = PBXBuildFile; fileRef = E896DF0B1639732F00A596A4 /* Settings.bundle */; };
		F9AA4BA61695B6030048C9B9 /* imeeticon.png in Resources */ = {isa = PBXBuildFile; fileRef = F9AA4BA51695B6030048C9B9 /* imeeticon.png */; };
		F9AA4BA91695B60A0048C9B9 /* imeeticon2x.png in Resources */ = {isa = PBXBuildFile; fileRef = F9AA4BA81695B60A0048C9B9 /* imeeticon2x.png */; };
/* End PBXBuildFile section */

/* Begin PBXFileReference section */
		209DE3D0168AD46000AD97ED /* DetailedViewController.h */ = {isa = PBXFileReference; fileEncoding = 4; lastKnownFileType = sourcecode.c.h; path = DetailedViewController.h; sourceTree = "<group>"; };
		209DE3D1168AD46000AD97ED /* DetailedViewController.m */ = {isa = PBXFileReference; fileEncoding = 4; lastKnownFileType = sourcecode.c.objc; path = DetailedViewController.m; sourceTree = "<group>"; };
		209DE3DB168AF5B500AD97ED /* images.jpg */ = {isa = PBXFileReference; lastKnownFileType = image.jpeg; path = images.jpg; sourceTree = "<group>"; };
		209DE3DD168AF76A00AD97ED /* index.jpg */ = {isa = PBXFileReference; lastKnownFileType = image.jpeg; path = index.jpg; sourceTree = "<group>"; };
		371A311A16C38B78001BFCF2 /* CalendarEvent.h */ = {isa = PBXFileReference; fileEncoding = 4; lastKnownFileType = sourcecode.c.h; path = CalendarEvent.h; sourceTree = "<group>"; };
		371A311B16C38B78001BFCF2 /* CalendarEvent.m */ = {isa = PBXFileReference; fileEncoding = 4; lastKnownFileType = sourcecode.c.objc; path = CalendarEvent.m; sourceTree = "<group>"; };
		57CDA66A184F99BC00533EA8 /* ESTBeacon.h */ = {isa = PBXFileReference; fileEncoding = 4; lastKnownFileType = sourcecode.c.h; path = ESTBeacon.h; sourceTree = "<group>"; };
		57CDA66B184F99BC00533EA8 /* ESTBeaconDefinitions.h */ = {isa = PBXFileReference; fileEncoding = 4; lastKnownFileType = sourcecode.c.h; path = ESTBeaconDefinitions.h; sourceTree = "<group>"; };
		57CDA66C184F99BC00533EA8 /* ESTBeaconManager.h */ = {isa = PBXFileReference; fileEncoding = 4; lastKnownFileType = sourcecode.c.h; path = ESTBeaconManager.h; sourceTree = "<group>"; };
		57CDA66D184F99BC00533EA8 /* ESTBeaconRegion.h */ = {isa = PBXFileReference; fileEncoding = 4; lastKnownFileType = sourcecode.c.h; path = ESTBeaconRegion.h; sourceTree = "<group>"; };
		57CDA66E184F99BC00533EA8 /* libEstimoteSDK7.a */ = {isa = PBXFileReference; lastKnownFileType = archive.ar; path = libEstimoteSDK7.a; sourceTree = "<group>"; };
		5E75D09C25AA07CD26D2AE97 /* Room.m */ = {isa = PBXFileReference; fileEncoding = 4; lastKnownFileType = sourcecode.c.objc; path = Room.m; sourceTree = "<group>"; };
		5E75D6B9F5CAB1BC94BCE61F /* Room.h */ = {isa = PBXFileReference; fileEncoding = 4; lastKnownFileType = sourcecode.c.h; path = Room.h; sourceTree = "<group>"; };
		5E75D74F94C288CBBCFD7847 /* Rooms.h */ = {isa = PBXFileReference; fileEncoding = 4; lastKnownFileType = sourcecode.c.h; path = Rooms.h; sourceTree = "<group>"; };
		5E75DF8D0237CED970FF4060 /* Rooms.m */ = {isa = PBXFileReference; fileEncoding = 4; lastKnownFileType = sourcecode.c.objc; path = Rooms.m; sourceTree = "<group>"; };
		830B4C9C1681C433001C743E /* SignInViewController.h */ = {isa = PBXFileReference; fileEncoding = 4; lastKnownFileType = sourcecode.c.h; path = SignInViewController.h; sourceTree = "<group>"; };
		830B4C9D1681C433001C743E /* SignInViewController.m */ = {isa = PBXFileReference; fileEncoding = 4; lastKnownFileType = sourcecode.c.objc; path = SignInViewController.m; sourceTree = "<group>"; };
		8318BDE1163715C6003E2B01 /* Security.framework */ = {isa = PBXFileReference; lastKnownFileType = wrapper.framework; name = Security.framework; path = System/Library/Frameworks/Security.framework; sourceTree = SDKROOT; };
		8318BDE316371610003E2B01 /* SystemConfiguration.framework */ = {isa = PBXFileReference; lastKnownFileType = wrapper.framework; name = SystemConfiguration.framework; path = System/Library/Frameworks/SystemConfiguration.framework; sourceTree = SDKROOT; };
		8318BE681637AAA4003E2B01 /* DateTimeUtility.h */ = {isa = PBXFileReference; fileEncoding = 4; lastKnownFileType = sourcecode.c.h; path = DateTimeUtility.h; sourceTree = "<group>"; };
		8318BE691637AAA4003E2B01 /* DateTimeUtility.m */ = {isa = PBXFileReference; fileEncoding = 4; lastKnownFileType = sourcecode.c.objc; path = DateTimeUtility.m; sourceTree = "<group>"; };
		8318BE6B1637C979003E2B01 /* CalendarViewController.h */ = {isa = PBXFileReference; fileEncoding = 4; lastKnownFileType = sourcecode.c.h; path = CalendarViewController.h; sourceTree = "<group>"; };
		8318BE6C1637C979003E2B01 /* CalendarViewController.m */ = {isa = PBXFileReference; fileEncoding = 4; lastKnownFileType = sourcecode.c.objc; path = CalendarViewController.m; sourceTree = "<group>"; };
		833D6D28167E0D7400BB44FB /* i-meeting.entitlements */ = {isa = PBXFileReference; lastKnownFileType = text.xml; path = "i-meeting.entitlements"; sourceTree = "<group>"; };
		8361797016BA6F1800DEB869 /* GTLCalendarManager.h */ = {isa = PBXFileReference; fileEncoding = 4; lastKnownFileType = sourcecode.c.h; name = GTLCalendarManager.h; path = ../GTLCalendarManager.h; sourceTree = "<group>"; };
		8361797116BA6F1800DEB869 /* GTLCalendarManager.m */ = {isa = PBXFileReference; fileEncoding = 4; lastKnownFileType = sourcecode.c.objc; name = GTLCalendarManager.m; path = ../GTLCalendarManager.m; sourceTree = "<group>"; };
		83A73659166A6DAB00DC5D61 /* SignInHandler.m */ = {isa = PBXFileReference; fileEncoding = 4; lastKnownFileType = sourcecode.c.objc; path = SignInHandler.m; sourceTree = "<group>"; };
		83A7365B166A724C00DC5D61 /* SignInHandler.h */ = {isa = PBXFileReference; fileEncoding = 4; lastKnownFileType = sourcecode.c.h; path = SignInHandler.h; sourceTree = "<group>"; };
		83A9949B164419F9009CD997 /* QRCodeManager.m */ = {isa = PBXFileReference; fileEncoding = 4; lastKnownFileType = sourcecode.c.objc; path = QRCodeManager.m; sourceTree = "<group>"; };
		83A9949E16441AE2009CD997 /* profile selected.png */ = {isa = PBXFileReference; lastKnownFileType = image.png; path = "profile selected.png"; sourceTree = "<group>"; };
		83A9949F16441AE2009CD997 /* profile.png */ = {isa = PBXFileReference; lastKnownFileType = image.png; path = profile.png; sourceTree = "<group>"; };
		83A994A016441AE2009CD997 /* rooms unselected.png */ = {isa = PBXFileReference; lastKnownFileType = image.png; path = "rooms unselected.png"; sourceTree = "<group>"; };
		83A994A116441AE2009CD997 /* rooms.png */ = {isa = PBXFileReference; lastKnownFileType = image.png; path = rooms.png; sourceTree = "<group>"; };
		83A994A416441AE2009CD997 /* settings selected.png */ = {isa = PBXFileReference; lastKnownFileType = image.png; path = "settings selected.png"; sourceTree = "<group>"; };
		83A994A516441AE2009CD997 /* settings.png */ = {isa = PBXFileReference; lastKnownFileType = image.png; path = settings.png; sourceTree = "<group>"; };
		83AC4DA616281DE5000C60C9 /* i-meeting.app */ = {isa = PBXFileReference; explicitFileType = wrapper.application; includeInIndex = 0; path = "i-meeting.app"; sourceTree = BUILT_PRODUCTS_DIR; };
		83AC4DAA16281DE5000C60C9 /* UIKit.framework */ = {isa = PBXFileReference; lastKnownFileType = wrapper.framework; name = UIKit.framework; path = System/Library/Frameworks/UIKit.framework; sourceTree = SDKROOT; };
		83AC4DAC16281DE5000C60C9 /* Foundation.framework */ = {isa = PBXFileReference; lastKnownFileType = wrapper.framework; name = Foundation.framework; path = System/Library/Frameworks/Foundation.framework; sourceTree = SDKROOT; };
		83AC4DAE16281DE5000C60C9 /* CoreGraphics.framework */ = {isa = PBXFileReference; lastKnownFileType = wrapper.framework; name = CoreGraphics.framework; path = System/Library/Frameworks/CoreGraphics.framework; sourceTree = SDKROOT; };
		83AC4DB216281DE5000C60C9 /* i-meeting-Info.plist */ = {isa = PBXFileReference; lastKnownFileType = text.plist.xml; path = "i-meeting-Info.plist"; sourceTree = "<group>"; };
		83AC4DB416281DE5000C60C9 /* en */ = {isa = PBXFileReference; lastKnownFileType = text.plist.strings; name = en; path = en.lproj/InfoPlist.strings; sourceTree = "<group>"; };
		83AC4DB616281DE5000C60C9 /* main.m */ = {isa = PBXFileReference; lastKnownFileType = sourcecode.c.objc; path = main.m; sourceTree = "<group>"; };
		83AC4DB816281DE5000C60C9 /* i-meeting-Prefix.pch */ = {isa = PBXFileReference; lastKnownFileType = sourcecode.c.h; path = "i-meeting-Prefix.pch"; sourceTree = "<group>"; };
		83AC4DB916281DE5000C60C9 /* AppDelegate.h */ = {isa = PBXFileReference; lastKnownFileType = sourcecode.c.h; path = AppDelegate.h; sourceTree = "<group>"; };
		83AC4DBA16281DE5000C60C9 /* AppDelegate.m */ = {isa = PBXFileReference; lastKnownFileType = sourcecode.c.objc; path = AppDelegate.m; sourceTree = "<group>"; };
		83AC4DBC16281DE5000C60C9 /* Default.png */ = {isa = PBXFileReference; lastKnownFileType = image.png; path = Default.png; sourceTree = "<group>"; };
		83AC4DBE16281DE5000C60C9 /* Default@2x.png */ = {isa = PBXFileReference; lastKnownFileType = image.png; path = "Default@2x.png"; sourceTree = "<group>"; };
		83AC4DC016281DE5000C60C9 /* Default-568h@2x.png */ = {isa = PBXFileReference; lastKnownFileType = image.png; path = "Default-568h@2x.png"; sourceTree = "<group>"; };
		83AC4DD316281E3D000C60C9 /* QRCodeManager.h */ = {isa = PBXFileReference; fileEncoding = 4; lastKnownFileType = sourcecode.c.h; path = QRCodeManager.h; sourceTree = "<group>"; };
		83AC4DD516281E3D000C60C9 /* RootViewController.h */ = {isa = PBXFileReference; fileEncoding = 4; lastKnownFileType = sourcecode.c.h; path = RootViewController.h; sourceTree = "<group>"; };
		83AC4DD616281E3D000C60C9 /* RootViewController.m */ = {isa = PBXFileReference; fileEncoding = 4; lastKnownFileType = sourcecode.c.objc; path = RootViewController.m; sourceTree = "<group>"; };
		83AC4DDC16281E6E000C60C9 /* en */ = {isa = PBXFileReference; lastKnownFileType = file.storyboard; name = en; path = en.lproj/MainStoryboard.storyboard; sourceTree = "<group>"; };
		83AC4E0116281EC3000C60C9 /* AVFoundation.framework */ = {isa = PBXFileReference; lastKnownFileType = wrapper.framework; name = AVFoundation.framework; path = System/Library/Frameworks/AVFoundation.framework; sourceTree = SDKROOT; };
		83AC4E0316281EC9000C60C9 /* CoreMedia.framework */ = {isa = PBXFileReference; lastKnownFileType = wrapper.framework; name = CoreMedia.framework; path = System/Library/Frameworks/CoreMedia.framework; sourceTree = SDKROOT; };
		83AC4E0516281ED9000C60C9 /* AudioToolbox.framework */ = {isa = PBXFileReference; lastKnownFileType = wrapper.framework; name = AudioToolbox.framework; path = System/Library/Frameworks/AudioToolbox.framework; sourceTree = SDKROOT; };
		83AC4E0716281EE2000C60C9 /* QuartzCore.framework */ = {isa = PBXFileReference; lastKnownFileType = wrapper.framework; name = QuartzCore.framework; path = System/Library/Frameworks/QuartzCore.framework; sourceTree = SDKROOT; };
		83AC4E0916281EEF000C60C9 /* CoreVideo.framework */ = {isa = PBXFileReference; lastKnownFileType = wrapper.framework; name = CoreVideo.framework; path = System/Library/Frameworks/CoreVideo.framework; sourceTree = SDKROOT; };
		83AC4E0B16281EF8000C60C9 /* libiconv.dylib */ = {isa = PBXFileReference; lastKnownFileType = "compiled.mach-o.dylib"; name = libiconv.dylib; path = usr/lib/libiconv.dylib; sourceTree = SDKROOT; };
		83AC4E1116281F24000C60C9 /* i-meeting-tests.app */ = {isa = PBXFileReference; explicitFileType = wrapper.application; includeInIndex = 0; path = "i-meeting-tests.app"; sourceTree = BUILT_PRODUCTS_DIR; };
		83AC4E1816281F24000C60C9 /* i-meeting-tests-Info.plist */ = {isa = PBXFileReference; lastKnownFileType = text.plist.xml; path = "i-meeting-tests-Info.plist"; sourceTree = "<group>"; };
		83AC4E1A16281F24000C60C9 /* en */ = {isa = PBXFileReference; lastKnownFileType = text.plist.strings; name = en; path = en.lproj/InfoPlist.strings; sourceTree = "<group>"; };
		83AC4E1C16281F24000C60C9 /* main.m */ = {isa = PBXFileReference; lastKnownFileType = sourcecode.c.objc; path = main.m; sourceTree = "<group>"; };
		83AC4E1E16281F24000C60C9 /* i-meeting-tests-Prefix.pch */ = {isa = PBXFileReference; lastKnownFileType = sourcecode.c.h; path = "i-meeting-tests-Prefix.pch"; sourceTree = "<group>"; };
		83AC4E2216281F24000C60C9 /* Default.png */ = {isa = PBXFileReference; lastKnownFileType = image.png; path = Default.png; sourceTree = "<group>"; };
		83AC4E2416281F24000C60C9 /* Default@2x.png */ = {isa = PBXFileReference; lastKnownFileType = image.png; path = "Default@2x.png"; sourceTree = "<group>"; };
		83AC4E2616281F24000C60C9 /* Default-568h@2x.png */ = {isa = PBXFileReference; lastKnownFileType = image.png; path = "Default-568h@2x.png"; sourceTree = "<group>"; };
		83AC4E2B16281F42000C60C9 /* GHUnitIOS.framework */ = {isa = PBXFileReference; lastKnownFileType = wrapper.framework; path = GHUnitIOS.framework; sourceTree = "<group>"; };
		83AC4E2D16282032000C60C9 /* QRCodeManagerTest.h */ = {isa = PBXFileReference; fileEncoding = 4; lastKnownFileType = sourcecode.c.h; path = QRCodeManagerTest.h; sourceTree = "<group>"; };
		83AC4E2E16282032000C60C9 /* QRCodeManagerTest.m */ = {isa = PBXFileReference; fileEncoding = 4; lastKnownFileType = sourcecode.c.objc; path = QRCodeManagerTest.m; sourceTree = "<group>"; };
		83E337A11640371A00BD3E90 /* CalendarCell.h */ = {isa = PBXFileReference; fileEncoding = 4; lastKnownFileType = sourcecode.c.h; path = CalendarCell.h; sourceTree = "<group>"; };
		83E337A21640371B00BD3E90 /* CalendarCell.m */ = {isa = PBXFileReference; fileEncoding = 4; lastKnownFileType = sourcecode.c.objc; path = CalendarCell.m; sourceTree = "<group>"; };
		9B11225C162DA88900723640 /* AddNewEventViewController.h */ = {isa = PBXFileReference; fileEncoding = 4; lastKnownFileType = sourcecode.c.h; path = AddNewEventViewController.h; sourceTree = "<group>"; };
		9B11225D162DA88900723640 /* AddNewEventViewController.m */ = {isa = PBXFileReference; fileEncoding = 4; lastKnownFileType = sourcecode.c.objc; path = AddNewEventViewController.m; sourceTree = "<group>"; };
		A79F9A93165F4982877AD5F2 /* libPods.a */ = {isa = PBXFileReference; explicitFileType = archive.ar; includeInIndex = 0; path = libPods.a; sourceTree = BUILT_PRODUCTS_DIR; };
		A7B269C11696A67100D58074 /* delete button.png */ = {isa = PBXFileReference; lastKnownFileType = image.png; path = "delete button.png"; sourceTree = "<group>"; };
		AF06117116EE0CD900ADF961 /* AvailableRoomsViewController.h */ = {isa = PBXFileReference; fileEncoding = 4; lastKnownFileType = sourcecode.c.h; path = AvailableRoomsViewController.h; sourceTree = "<group>"; };
		AF06117216EE0CDA00ADF961 /* AvailableRoomsViewController.m */ = {isa = PBXFileReference; fileEncoding = 4; lastKnownFileType = sourcecode.c.objc; path = AvailableRoomsViewController.m; sourceTree = "<group>"; };
		AF63A8C51695AA92004A14CF /* DarkGreyButton.jpg */ = {isa = PBXFileReference; lastKnownFileType = image.jpeg; path = DarkGreyButton.jpg; sourceTree = "<group>"; };
		AF6E219016EF458C005210BA /* rooms.json */ = {isa = PBXFileReference; fileEncoding = 4; lastKnownFileType = text.json; path = rooms.json; sourceTree = "<group>"; };
		DB27DDACD3D243B69C237381 /* Pods.xcconfig */ = {isa = PBXFileReference; includeInIndex = 1; lastKnownFileType = text.xcconfig; name = Pods.xcconfig; path = Pods/Pods.xcconfig; sourceTree = "<group>"; };
		E896DF0B1639732F00A596A4 /* Settings.bundle */ = {isa = PBXFileReference; lastKnownFileType = "wrapper.plug-in"; path = Settings.bundle; sourceTree = "<group>"; };
		F9AA4BA51695B6030048C9B9 /* imeeticon.png */ = {isa = PBXFileReference; lastKnownFileType = image.png; name = imeeticon.png; path = ../imeeticon.png; sourceTree = "<group>"; };
		F9AA4BA81695B60A0048C9B9 /* imeeticon2x.png */ = {isa = PBXFileReference; lastKnownFileType = image.png; name = imeeticon2x.png; path = ../imeeticon2x.png; sourceTree = "<group>"; };
/* End PBXFileReference section */

/* Begin PBXFrameworksBuildPhase section */
		83AC4DA316281DE5000C60C9 /* Frameworks */ = {
			isa = PBXFrameworksBuildPhase;
			buildActionMask = 2147483647;
			files = (
				8318BDE416371610003E2B01 /* SystemConfiguration.framework in Frameworks */,
				8318BDE2163715C6003E2B01 /* Security.framework in Frameworks */,
				83AC4E0C16281EF8000C60C9 /* libiconv.dylib in Frameworks */,
				83AC4E0A16281EEF000C60C9 /* CoreVideo.framework in Frameworks */,
				83AC4E0816281EE2000C60C9 /* QuartzCore.framework in Frameworks */,
				83AC4E0616281ED9000C60C9 /* AudioToolbox.framework in Frameworks */,
				83AC4E0416281EC9000C60C9 /* CoreMedia.framework in Frameworks */,
				83AC4E0216281EC3000C60C9 /* AVFoundation.framework in Frameworks */,
				57CDA66F184F99BC00533EA8 /* libEstimoteSDK7.a in Frameworks */,
				83AC4DAB16281DE5000C60C9 /* UIKit.framework in Frameworks */,
				83AC4DAD16281DE5000C60C9 /* Foundation.framework in Frameworks */,
				83AC4DAF16281DE5000C60C9 /* CoreGraphics.framework in Frameworks */,
				A7F435E9F0354DAF982961E0 /* libPods.a in Frameworks */,
			);
			runOnlyForDeploymentPostprocessing = 0;
		};
		83AC4E0E16281F24000C60C9 /* Frameworks */ = {
			isa = PBXFrameworksBuildPhase;
			buildActionMask = 2147483647;
			files = (
				83AC4E1316281F24000C60C9 /* UIKit.framework in Frameworks */,
				83AC4E1416281F24000C60C9 /* Foundation.framework in Frameworks */,
				83AC4E1516281F24000C60C9 /* CoreGraphics.framework in Frameworks */,
				57CDA670184F99BC00533EA8 /* libEstimoteSDK7.a in Frameworks */,
				83AC4E2C16281F42000C60C9 /* GHUnitIOS.framework in Frameworks */,
			);
			runOnlyForDeploymentPostprocessing = 0;
		};
/* End PBXFrameworksBuildPhase section */

/* Begin PBXGroup section */
		35423314FE3E452BBA4BA406 /* Frameworks */ = {
			isa = PBXGroup;
			children = (
				57CDA668184F99BC00533EA8 /* EstimoteSDK */,
				A79F9A93165F4982877AD5F2 /* libPods.a */,
			);
			name = Frameworks;
			sourceTree = "<group>";
		};
		57CDA668184F99BC00533EA8 /* EstimoteSDK */ = {
			isa = PBXGroup;
			children = (
				57CDA669184F99BC00533EA8 /* Headers */,
				57CDA66E184F99BC00533EA8 /* libEstimoteSDK7.a */,
			);
			path = EstimoteSDK;
			sourceTree = "<group>";
		};
		57CDA669184F99BC00533EA8 /* Headers */ = {
			isa = PBXGroup;
			children = (
				57CDA66A184F99BC00533EA8 /* ESTBeacon.h */,
				57CDA66B184F99BC00533EA8 /* ESTBeaconDefinitions.h */,
				57CDA66C184F99BC00533EA8 /* ESTBeaconManager.h */,
				57CDA66D184F99BC00533EA8 /* ESTBeaconRegion.h */,
			);
			path = Headers;
			sourceTree = "<group>";
		};
		83A9949D16441AAA009CD997 /* Images */ = {
			isa = PBXGroup;
			children = (
				A7B269C11696A67100D58074 /* delete button.png */,
				AF63A8C51695AA92004A14CF /* DarkGreyButton.jpg */,
				209DE3DB168AF5B500AD97ED /* images.jpg */,
				F9AA4BA81695B60A0048C9B9 /* imeeticon2x.png */,
				F9AA4BA51695B6030048C9B9 /* imeeticon.png */,
				83A9949E16441AE2009CD997 /* profile selected.png */,
				83A9949F16441AE2009CD997 /* profile.png */,
				83A994A016441AE2009CD997 /* rooms unselected.png */,
				209DE3DD168AF76A00AD97ED /* index.jpg */,
				83A994A116441AE2009CD997 /* rooms.png */,
				83A994A416441AE2009CD997 /* settings selected.png */,
				83A994A516441AE2009CD997 /* settings.png */,
				83AC4DBC16281DE5000C60C9 /* Default.png */,
				83AC4DBE16281DE5000C60C9 /* Default@2x.png */,
				83AC4DC016281DE5000C60C9 /* Default-568h@2x.png */,
			);
			name = Images;
			sourceTree = "<group>";
		};
		83AC4D9B16281DE5000C60C9 = {
			isa = PBXGroup;
			children = (
				E896DF0B1639732F00A596A4 /* Settings.bundle */,
				83AC4DB016281DE5000C60C9 /* i-meeting */,
				83AC4DA716281DE5000C60C9 /* Products */,
				DB27DDACD3D243B69C237381 /* Pods.xcconfig */,
				35423314FE3E452BBA4BA406 /* Frameworks */,
			);
			sourceTree = "<group>";
		};
		83AC4DA716281DE5000C60C9 /* Products */ = {
			isa = PBXGroup;
			children = (
				83AC4DA616281DE5000C60C9 /* i-meeting.app */,
				83AC4E1116281F24000C60C9 /* i-meeting-tests.app */,
			);
			name = Products;
			sourceTree = "<group>";
		};
		83AC4DA916281DE5000C60C9 /* Frameworks */ = {
			isa = PBXGroup;
			children = (
				8318BDE316371610003E2B01 /* SystemConfiguration.framework */,
				8318BDE1163715C6003E2B01 /* Security.framework */,
				83AC4E2B16281F42000C60C9 /* GHUnitIOS.framework */,
				83AC4E0B16281EF8000C60C9 /* libiconv.dylib */,
				83AC4E0916281EEF000C60C9 /* CoreVideo.framework */,
				83AC4E0716281EE2000C60C9 /* QuartzCore.framework */,
				83AC4E0516281ED9000C60C9 /* AudioToolbox.framework */,
				83AC4E0316281EC9000C60C9 /* CoreMedia.framework */,
				83AC4E0116281EC3000C60C9 /* AVFoundation.framework */,
				83AC4DAA16281DE5000C60C9 /* UIKit.framework */,
				83AC4DAC16281DE5000C60C9 /* Foundation.framework */,
				83AC4DAE16281DE5000C60C9 /* CoreGraphics.framework */,
			);
			name = Frameworks;
			path = ..;
			sourceTree = "<group>";
		};
		83AC4DB016281DE5000C60C9 /* i-meeting */ = {
			isa = PBXGroup;
			children = (
				8361797016BA6F1800DEB869 /* GTLCalendarManager.h */,
				8361797116BA6F1800DEB869 /* GTLCalendarManager.m */,
				833D6D28167E0D7400BB44FB /* i-meeting.entitlements */,
				9B11225C162DA88900723640 /* AddNewEventViewController.h */,
				9B11225D162DA88900723640 /* AddNewEventViewController.m */,
				83AC4DB916281DE5000C60C9 /* AppDelegate.h */,
				83AC4DBA16281DE5000C60C9 /* AppDelegate.m */,
				83E337A11640371A00BD3E90 /* CalendarCell.h */,
				83E337A21640371B00BD3E90 /* CalendarCell.m */,
				8318BE6B1637C979003E2B01 /* CalendarViewController.h */,
				8318BE6C1637C979003E2B01 /* CalendarViewController.m */,
				8318BE681637AAA4003E2B01 /* DateTimeUtility.h */,
				8318BE691637AAA4003E2B01 /* DateTimeUtility.m */,
				83AC4DDB16281E6E000C60C9 /* MainStoryboard.storyboard */,
				83AC4DD316281E3D000C60C9 /* QRCodeManager.h */,
				83A9949B164419F9009CD997 /* QRCodeManager.m */,
				209DE3D0168AD46000AD97ED /* DetailedViewController.h */,
				371A311A16C38B78001BFCF2 /* CalendarEvent.h */,
				371A311B16C38B78001BFCF2 /* CalendarEvent.m */,
				209DE3D1168AD46000AD97ED /* DetailedViewController.m */,
				83AC4DD516281E3D000C60C9 /* RootViewController.h */,
				83AC4DD616281E3D000C60C9 /* RootViewController.m */,
				AF06117116EE0CD900ADF961 /* AvailableRoomsViewController.h */,
				AF06117216EE0CDA00ADF961 /* AvailableRoomsViewController.m */,
				83A7365B166A724C00DC5D61 /* SignInHandler.h */,
				830B4C9D1681C433001C743E /* SignInViewController.m */,
				83A73659166A6DAB00DC5D61 /* SignInHandler.m */,
				830B4C9C1681C433001C743E /* SignInViewController.h */,
				83AC4DA916281DE5000C60C9 /* Frameworks */,
				83AC4DB116281DE5000C60C9 /* Supporting Files */,
				83AC4E1616281F24000C60C9 /* i-meeting-tests */,
				5E75DF8D0237CED970FF4060 /* Rooms.m */,
				5E75D74F94C288CBBCFD7847 /* Rooms.h */,
				5E75D09C25AA07CD26D2AE97 /* Room.m */,
				5E75D6B9F5CAB1BC94BCE61F /* Room.h */,
			);
			path = "i-meeting";
			sourceTree = "<group>";
		};
		83AC4DB116281DE5000C60C9 /* Supporting Files */ = {
			isa = PBXGroup;
			children = (
				AF6E219016EF458C005210BA /* rooms.json */,
				83A9949D16441AAA009CD997 /* Images */,
				83AC4DB216281DE5000C60C9 /* i-meeting-Info.plist */,
				83AC4DB316281DE5000C60C9 /* InfoPlist.strings */,
				83AC4DB616281DE5000C60C9 /* main.m */,
				83AC4DB816281DE5000C60C9 /* i-meeting-Prefix.pch */,
			);
			name = "Supporting Files";
			sourceTree = "<group>";
		};
		83AC4E1616281F24000C60C9 /* i-meeting-tests */ = {
			isa = PBXGroup;
			children = (
				83AC4E2D16282032000C60C9 /* QRCodeManagerTest.h */,
				83AC4E2E16282032000C60C9 /* QRCodeManagerTest.m */,
				83AC4E1716281F24000C60C9 /* Supporting Files */,
			);
			path = "i-meeting-tests";
			sourceTree = SOURCE_ROOT;
		};
		83AC4E1716281F24000C60C9 /* Supporting Files */ = {
			isa = PBXGroup;
			children = (
				83AC4E1816281F24000C60C9 /* i-meeting-tests-Info.plist */,
				83AC4E1916281F24000C60C9 /* InfoPlist.strings */,
				83AC4E1C16281F24000C60C9 /* main.m */,
				83AC4E1E16281F24000C60C9 /* i-meeting-tests-Prefix.pch */,
				83AC4E2216281F24000C60C9 /* Default.png */,
				83AC4E2416281F24000C60C9 /* Default@2x.png */,
				83AC4E2616281F24000C60C9 /* Default-568h@2x.png */,
			);
			name = "Supporting Files";
			sourceTree = "<group>";
		};
/* End PBXGroup section */

/* Begin PBXNativeTarget section */
		83AC4DA516281DE5000C60C9 /* i-meeting */ = {
			isa = PBXNativeTarget;
			buildConfigurationList = 83AC4DCA16281DE5000C60C9 /* Build configuration list for PBXNativeTarget "i-meeting" */;
			buildPhases = (
				C9E2B393DAC64EA2854EC7C6 /* Check Pods Manifest.lock */,
				83AC4DA216281DE5000C60C9 /* Sources */,
				83AC4DA316281DE5000C60C9 /* Frameworks */,
				83AC4DA416281DE5000C60C9 /* Resources */,
				50B1FBCBA3D84B779226182E /* Copy Pods Resources */,
			);
			buildRules = (
			);
			dependencies = (
			);
			name = "i-meeting";
			productName = "i-meeting";
			productReference = 83AC4DA616281DE5000C60C9 /* i-meeting.app */;
			productType = "com.apple.product-type.application";
		};
		83AC4E1016281F24000C60C9 /* i-meeting-tests */ = {
			isa = PBXNativeTarget;
			buildConfigurationList = 83AC4E2816281F24000C60C9 /* Build configuration list for PBXNativeTarget "i-meeting-tests" */;
			buildPhases = (
				83AC4E0D16281F24000C60C9 /* Sources */,
				83AC4E0E16281F24000C60C9 /* Frameworks */,
				83AC4E0F16281F24000C60C9 /* Resources */,
				83AC4E401628301A000C60C9 /* ShellScript */,
			);
			buildRules = (
			);
			dependencies = (
			);
			name = "i-meeting-tests";
			productName = "i-meeting-tests";
			productReference = 83AC4E1116281F24000C60C9 /* i-meeting-tests.app */;
			productType = "com.apple.product-type.application";
		};
/* End PBXNativeTarget section */

/* Begin PBXProject section */
		83AC4D9D16281DE5000C60C9 /* Project object */ = {
			isa = PBXProject;
			attributes = {
				LastUpgradeCheck = 0450;
				ORGANIZATIONNAME = "ThoughtWorks Technologies (India) Pvt. Ltd.";
			};
			buildConfigurationList = 83AC4DA016281DE5000C60C9 /* Build configuration list for PBXProject "i-meeting" */;
			compatibilityVersion = "Xcode 3.2";
			developmentRegion = English;
			hasScannedForEncodings = 0;
			knownRegions = (
				en,
			);
			mainGroup = 83AC4D9B16281DE5000C60C9;
			productRefGroup = 83AC4DA716281DE5000C60C9 /* Products */;
			projectDirPath = "";
			projectRoot = "";
			targets = (
				83AC4DA516281DE5000C60C9 /* i-meeting */,
				83AC4E1016281F24000C60C9 /* i-meeting-tests */,
			);
		};
/* End PBXProject section */

/* Begin PBXResourcesBuildPhase section */
		83AC4DA416281DE5000C60C9 /* Resources */ = {
			isa = PBXResourcesBuildPhase;
			buildActionMask = 2147483647;
			files = (
				83AC4DB516281DE5000C60C9 /* InfoPlist.strings in Resources */,
				83AC4DBD16281DE5000C60C9 /* Default.png in Resources */,
				83AC4DBF16281DE5000C60C9 /* Default@2x.png in Resources */,
				83AC4DC116281DE5000C60C9 /* Default-568h@2x.png in Resources */,
				83AC4DDD16281E6E000C60C9 /* MainStoryboard.storyboard in Resources */,
				E896DF0C1639732F00A596A4 /* Settings.bundle in Resources */,
				83A994A616441AE2009CD997 /* profile selected.png in Resources */,
				83A994A716441AE2009CD997 /* profile.png in Resources */,
				83A994A816441AE2009CD997 /* rooms unselected.png in Resources */,
				83A994A916441AE2009CD997 /* rooms.png in Resources */,
				83A994AC16441AE2009CD997 /* settings selected.png in Resources */,
				83A994AD16441AE2009CD997 /* settings.png in Resources */,
				209DE3DC168AF5B500AD97ED /* images.jpg in Resources */,
				209DE3DE168AF76A00AD97ED /* index.jpg in Resources */,
				AF63A8C61695AA92004A14CF /* DarkGreyButton.jpg in Resources */,
				F9AA4BA61695B6030048C9B9 /* imeeticon.png in Resources */,
				F9AA4BA91695B60A0048C9B9 /* imeeticon2x.png in Resources */,
				A7B269C21696A67100D58074 /* delete button.png in Resources */,
				AF6E219116EF458C005210BA /* rooms.json in Resources */,
			);
			runOnlyForDeploymentPostprocessing = 0;
		};
		83AC4E0F16281F24000C60C9 /* Resources */ = {
			isa = PBXResourcesBuildPhase;
			buildActionMask = 2147483647;
			files = (
				83AC4E1B16281F24000C60C9 /* InfoPlist.strings in Resources */,
				83AC4E2316281F24000C60C9 /* Default.png in Resources */,
				83AC4E2516281F24000C60C9 /* Default@2x.png in Resources */,
				83AC4E2716281F24000C60C9 /* Default-568h@2x.png in Resources */,
			);
			runOnlyForDeploymentPostprocessing = 0;
		};
/* End PBXResourcesBuildPhase section */

/* Begin PBXShellScriptBuildPhase section */
		50B1FBCBA3D84B779226182E /* Copy Pods Resources */ = {
			isa = PBXShellScriptBuildPhase;
			buildActionMask = 2147483647;
			files = (
			);
			inputPaths = (
			);
			name = "Copy Pods Resources";
			outputPaths = (
			);
			runOnlyForDeploymentPostprocessing = 0;
			shellPath = /bin/sh;
			shellScript = "\"${SRCROOT}/Pods/Pods-resources.sh\"\n";
			showEnvVarsInLog = 0;
		};
		83AC4E401628301A000C60C9 /* ShellScript */ = {
			isa = PBXShellScriptBuildPhase;
			buildActionMask = 2147483647;
			files = (
			);
			inputPaths = (
			);
			outputPaths = (
			);
			runOnlyForDeploymentPostprocessing = 0;
			shellPath = /bin/sh;
			shellScript = "if [ \"$RUN_UNIT_TEST_WITH_IOS_SIM\" = \"YES\" ]; then\n exit 0\nelse\n sh RunTests.sh\nfi";
		};
		C9E2B393DAC64EA2854EC7C6 /* Check Pods Manifest.lock */ = {
			isa = PBXShellScriptBuildPhase;
			buildActionMask = 2147483647;
			files = (
			);
			inputPaths = (
			);
			name = "Check Pods Manifest.lock";
			outputPaths = (
			);
			runOnlyForDeploymentPostprocessing = 0;
			shellPath = /bin/sh;
			shellScript = "diff \"${PODS_ROOT}/../Podfile.lock\" \"${PODS_ROOT}/Manifest.lock\" > /dev/null\nif [[ $? != 0 ]] ; then\n    cat << EOM\nerror: The sandbox is not in sync with the Podfile.lock. Run 'pod install' or update your CocoaPods installation.\nEOM\n    exit 1\nfi\n";
			showEnvVarsInLog = 0;
		};
/* End PBXShellScriptBuildPhase section */

/* Begin PBXSourcesBuildPhase section */
		83AC4DA216281DE5000C60C9 /* Sources */ = {
			isa = PBXSourcesBuildPhase;
			buildActionMask = 2147483647;
			files = (
				AF35B51516F87A0A00ABCF09 /* AvailableRoomsViewController.m in Sources */,
				83AC4DB716281DE5000C60C9 /* main.m in Sources */,
				83AC4DBB16281DE5000C60C9 /* AppDelegate.m in Sources */,
				83AC4DDA16281E3D000C60C9 /* RootViewController.m in Sources */,
				9B11225E162DA88900723640 /* AddNewEventViewController.m in Sources */,
				8318BE6A1637AAA4003E2B01 /* DateTimeUtility.m in Sources */,
				8318BE6D1637C979003E2B01 /* CalendarViewController.m in Sources */,
				83E337A31640371B00BD3E90 /* CalendarCell.m in Sources */,
				83A9949C164419F9009CD997 /* QRCodeManager.m in Sources */,
				83A7365A166A6DAB00DC5D61 /* SignInHandler.m in Sources */,
				830B4C9E1681C433001C743E /* SignInViewController.m in Sources */,
				209DE3D2168AD46000AD97ED /* DetailedViewController.m in Sources */,
				371A311C16C38B78001BFCF2 /* CalendarEvent.m in Sources */,
				8361797216BA6F1800DEB869 /* GTLCalendarManager.m in Sources */,
				5E75D936BB606582E25E8F5D /* Rooms.m in Sources */,
				5E75D8E6C9F281B0A641966C /* Room.m in Sources */,
			);
			runOnlyForDeploymentPostprocessing = 0;
		};
		83AC4E0D16281F24000C60C9 /* Sources */ = {
			isa = PBXSourcesBuildPhase;
			buildActionMask = 2147483647;
			files = (
				836F9FC516493486009E61AD /* QRCodeManager.m in Sources */,
				83AC4E1D16281F24000C60C9 /* main.m in Sources */,
				83AC4E2F16282032000C60C9 /* QRCodeManagerTest.m in Sources */,
				5E75DE9C761FDAC1605E91B0 /* Rooms.m in Sources */,
				5E75D506BA1BD793025DAAB5 /* Room.m in Sources */,
			);
			runOnlyForDeploymentPostprocessing = 0;
		};
/* End PBXSourcesBuildPhase section */

/* Begin PBXVariantGroup section */
		83AC4DB316281DE5000C60C9 /* InfoPlist.strings */ = {
			isa = PBXVariantGroup;
			children = (
				83AC4DB416281DE5000C60C9 /* en */,
			);
			name = InfoPlist.strings;
			sourceTree = "<group>";
		};
		83AC4DDB16281E6E000C60C9 /* MainStoryboard.storyboard */ = {
			isa = PBXVariantGroup;
			children = (
				83AC4DDC16281E6E000C60C9 /* en */,
			);
			name = MainStoryboard.storyboard;
			sourceTree = "<group>";
		};
		83AC4E1916281F24000C60C9 /* InfoPlist.strings */ = {
			isa = PBXVariantGroup;
			children = (
				83AC4E1A16281F24000C60C9 /* en */,
			);
			name = InfoPlist.strings;
			sourceTree = "<group>";
		};
/* End PBXVariantGroup section */

/* Begin XCBuildConfiguration section */
		83AC4DC816281DE5000C60C9 /* Debug */ = {
			isa = XCBuildConfiguration;
			buildSettings = {
				ALWAYS_SEARCH_USER_PATHS = NO;
				CLANG_CXX_LANGUAGE_STANDARD = "gnu++0x";
				CLANG_CXX_LIBRARY = "libc++";
				CLANG_ENABLE_OBJC_ARC = YES;
				CLANG_WARN_EMPTY_BODY = YES;
				CLANG_WARN__DUPLICATE_METHOD_MATCH = YES;
				"CODE_SIGN_IDENTITY[sdk=iphoneos*]" = "iPhone Developer";
				COPY_PHASE_STRIP = NO;
				GCC_C_LANGUAGE_STANDARD = gnu99;
				GCC_DYNAMIC_NO_PIC = NO;
				GCC_OPTIMIZATION_LEVEL = 0;
				GCC_PREPROCESSOR_DEFINITIONS = (
					"DEBUG=1",
					"$(inherited)",
				);
				GCC_SYMBOLS_PRIVATE_EXTERN = NO;
				GCC_WARN_ABOUT_RETURN_TYPE = YES;
				GCC_WARN_UNINITIALIZED_AUTOS = YES;
				GCC_WARN_UNUSED_VARIABLE = YES;
				IPHONEOS_DEPLOYMENT_TARGET = 5.1;
				ONLY_ACTIVE_ARCH = YES;
				SDKROOT = iphoneos;
			};
			name = Debug;
		};
		83AC4DC916281DE5000C60C9 /* Release */ = {
			isa = XCBuildConfiguration;
			buildSettings = {
				ALWAYS_SEARCH_USER_PATHS = NO;
				CLANG_CXX_LANGUAGE_STANDARD = "gnu++0x";
				CLANG_CXX_LIBRARY = "libc++";
				CLANG_ENABLE_OBJC_ARC = YES;
				CLANG_WARN_EMPTY_BODY = YES;
				CLANG_WARN__DUPLICATE_METHOD_MATCH = YES;
				"CODE_SIGN_IDENTITY[sdk=iphoneos*]" = "iPhone Developer";
				COPY_PHASE_STRIP = YES;
				GCC_C_LANGUAGE_STANDARD = gnu99;
				GCC_WARN_ABOUT_RETURN_TYPE = YES;
				GCC_WARN_UNINITIALIZED_AUTOS = YES;
				GCC_WARN_UNUSED_VARIABLE = YES;
				IPHONEOS_DEPLOYMENT_TARGET = 5.1;
				OTHER_CFLAGS = "-DNS_BLOCK_ASSERTIONS=1";
				SDKROOT = iphoneos;
				VALIDATE_PRODUCT = YES;
			};
			name = Release;
		};
		83AC4DCB16281DE5000C60C9 /* Debug */ = {
			isa = XCBuildConfiguration;
			baseConfigurationReference = DB27DDACD3D243B69C237381 /* Pods.xcconfig */;
			buildSettings = {
				CODE_SIGN_IDENTITY = "iPhone Developer";
				FRAMEWORK_SEARCH_PATHS = (
					"$(inherited)",
					"\"$(SRCROOT)\"",
				);
				GCC_PRECOMPILE_PREFIX_HEADER = YES;
				GCC_PREFIX_HEADER = "i-meeting/i-meeting-Prefix.pch";
				HEADER_SEARCH_PATHS = (
					"\"${PODS_ROOT}/Headers\"",
					"\"${PODS_ROOT}/Headers/GTMHTTPFetcher\"",
					"\"${PODS_ROOT}/Headers/Google-API-Client\"",
					"\"${PODS_ROOT}/Headers/SBJson\"",
					"\"${PODS_ROOT}/Headers/gtm-oauth2\"",
					"\"$(SRCROOT)/../EstimoteSDK/Headers\"",
				);
				INFOPLIST_FILE = "i-meeting/i-meeting-Info.plist";
				IPHONEOS_DEPLOYMENT_TARGET = 7.0;
				LIBRARY_SEARCH_PATHS = (
					"$(inherited)",
					"$(SRCROOT)",
					"$(FRANK_LIBRARY_SEARCH_PATHS)",
					"/Users/harib/work/Official/i-meeting/externals/EstimoteSDK",
					"/Users/harib/work/Official/i-meeting/EstimoteSDK",
				);
				OTHER_LDFLAGS = (
					"$(inherited)",
					"-all_load",
					"-ObjC",
					"-fobjc-arc",
					"$(FRANK_LDFLAGS)",
				);
				"OTHER_LDFLAGS[sdk=iphoneos*]" = (
					"$(inherited)",
					"-all_load",
					"-ObjC",
					"-fobjc-arc",
					"$(FRANK_LDFLAGS)",
				);
				"OTHER_LDFLAGS[sdk=iphonesimulator*]" = (
					"$(inherited)",
					"-all_load",
					"-ObjC",
					"-fobjc-arc",
					"$(FRANK_LDFLAGS)",
				);
				PRODUCT_NAME = "$(TARGET_NAME)";
				PROVISIONING_PROFILE = "";
				VALID_ARCHS = "armv7 i386 armv7s";
				WRAPPER_EXTENSION = app;
			};
			name = Debug;
		};
		83AC4DCC16281DE5000C60C9 /* Release */ = {
			isa = XCBuildConfiguration;
			baseConfigurationReference = DB27DDACD3D243B69C237381 /* Pods.xcconfig */;
			buildSettings = {
				CODE_SIGN_IDENTITY = "iPhone Distribution";
				"CODE_SIGN_IDENTITY[sdk=iphoneos*]" = "iPhone Distribution";
				FRAMEWORK_SEARCH_PATHS = (
					"$(inherited)",
					"\"$(SRCROOT)\"",
				);
				GCC_PRECOMPILE_PREFIX_HEADER = YES;
				GCC_PREFIX_HEADER = "i-meeting/i-meeting-Prefix.pch";
				HEADER_SEARCH_PATHS = (
					"\"${PODS_ROOT}/Headers\"",
					"\"${PODS_ROOT}/Headers/GTMHTTPFetcher\"",
					"\"${PODS_ROOT}/Headers/Google-API-Client\"",
					"\"${PODS_ROOT}/Headers/SBJson\"",
					"\"${PODS_ROOT}/Headers/gtm-oauth2\"",
					"\"$(SRCROOT)/../EstimoteSDK/Headers\"",
				);
				INFOPLIST_FILE = "i-meeting/i-meeting-Info.plist";
				IPHONEOS_DEPLOYMENT_TARGET = 7.0;
				LIBRARY_SEARCH_PATHS = (
					"$(inherited)",
					"$(SRCROOT)",
					"/Users/harib/work/Official/i-meeting/externals/EstimoteSDK",
					"/Users/harib/work/Official/i-meeting/EstimoteSDK",
				);
				OTHER_LDFLAGS = (
					"-all_load",
					"-ObjC",
					"-fobjc-arc",
				);
				"OTHER_LDFLAGS[arch=*]" = (
					"-all_load",
					"-ObjC",
					"-fobjc-arc",
				);
				PRODUCT_NAME = "$(TARGET_NAME)";
				PROVISIONING_PROFILE = "";
				"PROVISIONING_PROFILE[sdk=iphoneos*]" = "";
				VALID_ARCHS = "armv7 i386 armv7s";
				WRAPPER_EXTENSION = app;
			};
			name = Release;
		};
		83AC4E2916281F24000C60C9 /* Debug */ = {
			isa = XCBuildConfiguration;
			buildSettings = {
				ARCHS = (
					"$(ARCHS_STANDARD_32_BIT)",
					i386,
					armv7,
				);
				"CODE_SIGN_IDENTITY[sdk=iphoneos*]" = "iPhone Developer";
				FRAMEWORK_SEARCH_PATHS = (
					"$(inherited)",
					"\"$(SRCROOT)\"",
				);
				GCC_PRECOMPILE_PREFIX_HEADER = YES;
				GCC_PREFIX_HEADER = "i-meeting-tests/i-meeting-tests-Prefix.pch";
				INFOPLIST_FILE = "i-meeting-tests/i-meeting-tests-Info.plist";
				IPHONEOS_DEPLOYMENT_TARGET = 6.0;
				LIBRARY_SEARCH_PATHS = (
					"$(inherited)",
					"$(SRCROOT)",
					"$(FRANK_LIBRARY_SEARCH_PATHS)",
					"/Users/harib/work/Official/i-meeting/externals/EstimoteSDK",
					"/Users/harib/work/Official/i-meeting/EstimoteSDK",
				);
				OTHER_LDFLAGS = (
					"$(inherited)",
					"-all_load",
					"-ObjC",
					"$(FRANK_LDFLAGS)",
				);
				PRODUCT_NAME = "$(TARGET_NAME)";
				WRAPPER_EXTENSION = app;
			};
			name = Debug;
		};
		83AC4E2A16281F24000C60C9 /* Release */ = {
			isa = XCBuildConfiguration;
			buildSettings = {
				ARCHS = (
					"$(ARCHS_STANDARD_32_BIT)",
					i386,
					armv7,
				);
				"CODE_SIGN_IDENTITY[sdk=iphoneos*]" = "iPhone Developer";
				FRAMEWORK_SEARCH_PATHS = (
					"$(inherited)",
					"\"$(SRCROOT)\"",
				);
				GCC_PRECOMPILE_PREFIX_HEADER = YES;
				GCC_PREFIX_HEADER = "i-meeting-tests/i-meeting-tests-Prefix.pch";
				INFOPLIST_FILE = "i-meeting-tests/i-meeting-tests-Info.plist";
				IPHONEOS_DEPLOYMENT_TARGET = 6.0;
				LIBRARY_SEARCH_PATHS = (
					"$(inherited)",
					"$(SRCROOT)",
					"/Users/harib/work/Official/i-meeting/externals/EstimoteSDK",
					"/Users/harib/work/Official/i-meeting/EstimoteSDK",
				);
				OTHER_LDFLAGS = (
					"-all_load",
					"-ObjC",
				);
				PRODUCT_NAME = "$(TARGET_NAME)";
				WRAPPER_EXTENSION = app;
			};
			name = Release;
		};
/* End XCBuildConfiguration section */

/* Begin XCConfigurationList section */
		83AC4DA016281DE5000C60C9 /* Build configuration list for PBXProject "i-meeting" */ = {
			isa = XCConfigurationList;
			buildConfigurations = (
				83AC4DC816281DE5000C60C9 /* Debug */,
				83AC4DC916281DE5000C60C9 /* Release */,
			);
			defaultConfigurationIsVisible = 0;
			defaultConfigurationName = Release;
		};
		83AC4DCA16281DE5000C60C9 /* Build configuration list for PBXNativeTarget "i-meeting" */ = {
			isa = XCConfigurationList;
			buildConfigurations = (
				83AC4DCB16281DE5000C60C9 /* Debug */,
				83AC4DCC16281DE5000C60C9 /* Release */,
			);
			defaultConfigurationIsVisible = 0;
			defaultConfigurationName = Release;
		};
		83AC4E2816281F24000C60C9 /* Build configuration list for PBXNativeTarget "i-meeting-tests" */ = {
			isa = XCConfigurationList;
			buildConfigurations = (
				83AC4E2916281F24000C60C9 /* Debug */,
				83AC4E2A16281F24000C60C9 /* Release */,
			);
			defaultConfigurationIsVisible = 0;
			defaultConfigurationName = Release;
		};
/* End XCConfigurationList section */
	};
	rootObject = 83AC4D9D16281DE5000C60C9 /* Project object */;
}
